// !$*UTF8*$!
{
	archiveVersion = 1;
	classes = {
	};
	objectVersion = 51;
	objects = {

/* Begin PBXBuildFile section */
		C2E82FE58B8F9BF98685E74B /* Pods_KPS_KPSTests.framework in Frameworks */ = {isa = PBXBuildFile; fileRef = 5BAE52B314AE2D8F2390C9C7 /* Pods_KPS_KPSTests.framework */; };
		E833100926A4100E00A6AA59 /* KPS.framework in Frameworks */ = {isa = PBXBuildFile; fileRef = E8330FFF26A4100E00A6AA59 /* KPS.framework */; };
		E833101026A4100E00A6AA59 /* KPS.h in Headers */ = {isa = PBXBuildFile; fileRef = E833100226A4100E00A6AA59 /* KPS.h */; settings = {ATTRIBUTES = (Public, ); }; };
		E833103226A417CC00A6AA59 /* KPSUtility.swift in Sources */ = {isa = PBXBuildFile; fileRef = E833103126A417CC00A6AA59 /* KPSUtility.swift */; };
		E833103326A417CC00A6AA59 /* KPSUtility.swift in Sources */ = {isa = PBXBuildFile; fileRef = E833103126A417CC00A6AA59 /* KPSUtility.swift */; };
		E833103526A417F800A6AA59 /* KPSUtilityTest.swift in Sources */ = {isa = PBXBuildFile; fileRef = E833103426A417F800A6AA59 /* KPSUtilityTest.swift */; };
		E833103826AAAE1D00A6AA59 /* KPSClient.swift in Sources */ = {isa = PBXBuildFile; fileRef = E833103726AAAE1D00A6AA59 /* KPSClient.swift */; };
		E833103C26AAB60800A6AA59 /* CoreAPIService.swift in Sources */ = {isa = PBXBuildFile; fileRef = E833103B26AAB60800A6AA59 /* CoreAPIService.swift */; };
		E833105226AB0A4500A6AA59 /* LoginResponse.swift in Sources */ = {isa = PBXBuildFile; fileRef = E833105126AB0A4500A6AA59 /* LoginResponse.swift */; };
		E833105426AB0FED00A6AA59 /* KPSContent.swift in Sources */ = {isa = PBXBuildFile; fileRef = E833105326AB0FED00A6AA59 /* KPSContent.swift */; };
		E833105B26AC634B00A6AA59 /* Pods_KPS.framework in Frameworks */ = {isa = PBXBuildFile; fileRef = E3AEEF5E789FDC4CF50D8D15 /* Pods_KPS.framework */; };
		E833108B26B3B0F100A6AA59 /* Codable+Extension.swift in Sources */ = {isa = PBXBuildFile; fileRef = E833108A26B3B0F100A6AA59 /* Codable+Extension.swift */; };
		E833109326B44C1B00A6AA59 /* KPSClientTests.swift in Sources */ = {isa = PBXBuildFile; fileRef = E833109226B44C1B00A6AA59 /* KPSClientTests.swift */; };
		E83310A226B5327800A6AA59 /* folderList.json in Resources */ = {isa = PBXBuildFile; fileRef = E833109726B50CB700A6AA59 /* folderList.json */; };
		E83310A326B5327C00A6AA59 /* articleContent.json in Resources */ = {isa = PBXBuildFile; fileRef = E833109826B50CB700A6AA59 /* articleContent.json */; };
		E83310A526B53EB400A6AA59 /* Bundle+Extension.swift in Sources */ = {isa = PBXBuildFile; fileRef = E83310A426B53EB400A6AA59 /* Bundle+Extension.swift */; };
		E83310A726B547B300A6AA59 /* previewArticleContent.json in Resources */ = {isa = PBXBuildFile; fileRef = E83310A626B547B300A6AA59 /* previewArticleContent.json */; };
		E88396C426ECF16F00B9C9F7 /* KPSContentMeta.swift in Sources */ = {isa = PBXBuildFile; fileRef = E88396C326ECF16F00B9C9F7 /* KPSContentMeta.swift */; };
		E88396C626ECF76800B9C9F7 /* KPSCollection.swift in Sources */ = {isa = PBXBuildFile; fileRef = E88396C526ECF76800B9C9F7 /* KPSCollection.swift */; };
		E88396C826ECFACC00B9C9F7 /* KPSImageResource.swift in Sources */ = {isa = PBXBuildFile; fileRef = E88396C726ECFACC00B9C9F7 /* KPSImageResource.swift */; };
		E88C466626CCAE0C001243F5 /* audioContent.json in Resources */ = {isa = PBXBuildFile; fileRef = E88C466526CCAE0C001243F5 /* audioContent.json */; };
		E88C466826CCB034001243F5 /* KPSAudio.swift in Sources */ = {isa = PBXBuildFile; fileRef = E88C466726CCB034001243F5 /* KPSAudio.swift */; };
		E88C466A26CD260C001243F5 /* ThreadSafeArray.swift in Sources */ = {isa = PBXBuildFile; fileRef = E88C466926CD260C001243F5 /* ThreadSafeArray.swift */; };
		E8A4C8C026BB869A0082B4F7 /* KPSClient+Media.swift in Sources */ = {isa = PBXBuildFile; fileRef = E8A4C8BF26BB869A0082B4F7 /* KPSClient+Media.swift */; };
		E8A4C8C426BBD6DE0082B4F7 /* IronBacon.mp3 in Resources */ = {isa = PBXBuildFile; fileRef = E8A4C8C326BBD6DE0082B4F7 /* IronBacon.mp3 */; };
		E8A4C8CB26BFD2590082B4F7 /* KPSClientMediaTests.swift in Sources */ = {isa = PBXBuildFile; fileRef = E8A4C8CA26BFD2590082B4F7 /* KPSClientMediaTests.swift */; };
		E8A4C8CE26BFD4500082B4F7 /* KPSClientMediaContentDelegateMock.swift in Sources */ = {isa = PBXBuildFile; fileRef = E8A4C8CD26BFD4500082B4F7 /* KPSClientMediaContentDelegateMock.swift */; };
		E8A4C8D026C11EAC0082B4F7 /* WhatYouWant.mp3 in Resources */ = {isa = PBXBuildFile; fileRef = E8A4C8CF26C11EAC0082B4F7 /* WhatYouWant.mp3 */; };
		E8A4C8D226C186D50082B4F7 /* XCTest+Eventually.swift in Sources */ = {isa = PBXBuildFile; fileRef = E8A4C8D126C186D50082B4F7 /* XCTest+Eventually.swift */; };
		E8A4C8DA26C3FC0B0082B4F7 /* folderContent.json in Resources */ = {isa = PBXBuildFile; fileRef = E8A4C8D926C3FC0B0082B4F7 /* folderContent.json */; };
		E8A4C8DC26C4B3AE0082B4F7 /* KPSArticle.swift in Sources */ = {isa = PBXBuildFile; fileRef = E8A4C8DB26C4B3AE0082B4F7 /* KPSArticle.swift */; };
		E8A4C8DE26C4B5B70082B4F7 /* KPSImage.swift in Sources */ = {isa = PBXBuildFile; fileRef = E8A4C8DD26C4B5B70082B4F7 /* KPSImage.swift */; };
/* End PBXBuildFile section */

/* Begin PBXContainerItemProxy section */
		E833100A26A4100E00A6AA59 /* PBXContainerItemProxy */ = {
			isa = PBXContainerItemProxy;
			containerPortal = E8330FF626A4100E00A6AA59 /* Project object */;
			proxyType = 1;
			remoteGlobalIDString = E8330FFE26A4100E00A6AA59;
			remoteInfo = KPS;
		};
/* End PBXContainerItemProxy section */

/* Begin PBXFileReference section */
		5BAE52B314AE2D8F2390C9C7 /* Pods_KPS_KPSTests.framework */ = {isa = PBXFileReference; explicitFileType = wrapper.framework; includeInIndex = 0; path = Pods_KPS_KPSTests.framework; sourceTree = BUILT_PRODUCTS_DIR; };
		6C1D0C14A13FA98376B32B51 /* Pods-KPS-KPSTests.release.xcconfig */ = {isa = PBXFileReference; includeInIndex = 1; lastKnownFileType = text.xcconfig; name = "Pods-KPS-KPSTests.release.xcconfig"; path = "Target Support Files/Pods-KPS-KPSTests/Pods-KPS-KPSTests.release.xcconfig"; sourceTree = "<group>"; };
		884A072A2B934E70F2DC37B1 /* Pods-KPS.release.xcconfig */ = {isa = PBXFileReference; includeInIndex = 1; lastKnownFileType = text.xcconfig; name = "Pods-KPS.release.xcconfig"; path = "Target Support Files/Pods-KPS/Pods-KPS.release.xcconfig"; sourceTree = "<group>"; };
		B1B1F3A83BAAA5F378116184 /* Pods-KPS.debug.xcconfig */ = {isa = PBXFileReference; includeInIndex = 1; lastKnownFileType = text.xcconfig; name = "Pods-KPS.debug.xcconfig"; path = "Target Support Files/Pods-KPS/Pods-KPS.debug.xcconfig"; sourceTree = "<group>"; };
		E3AEEF5E789FDC4CF50D8D15 /* Pods_KPS.framework */ = {isa = PBXFileReference; explicitFileType = wrapper.framework; includeInIndex = 0; path = Pods_KPS.framework; sourceTree = BUILT_PRODUCTS_DIR; };
		E7DF22ABB67C81660A12B8C6 /* Pods-KPS-KPSTests.debug.xcconfig */ = {isa = PBXFileReference; includeInIndex = 1; lastKnownFileType = text.xcconfig; name = "Pods-KPS-KPSTests.debug.xcconfig"; path = "Target Support Files/Pods-KPS-KPSTests/Pods-KPS-KPSTests.debug.xcconfig"; sourceTree = "<group>"; };
		E8330FFF26A4100E00A6AA59 /* KPS.framework */ = {isa = PBXFileReference; explicitFileType = wrapper.framework; includeInIndex = 0; path = KPS.framework; sourceTree = BUILT_PRODUCTS_DIR; };
		E833100226A4100E00A6AA59 /* KPS.h */ = {isa = PBXFileReference; lastKnownFileType = sourcecode.c.h; path = KPS.h; sourceTree = "<group>"; };
		E833100326A4100E00A6AA59 /* Info.plist */ = {isa = PBXFileReference; lastKnownFileType = text.plist.xml; path = Info.plist; sourceTree = "<group>"; };
		E833100826A4100E00A6AA59 /* KPSTests.xctest */ = {isa = PBXFileReference; explicitFileType = wrapper.cfbundle; includeInIndex = 0; path = KPSTests.xctest; sourceTree = BUILT_PRODUCTS_DIR; };
		E833100F26A4100E00A6AA59 /* Info.plist */ = {isa = PBXFileReference; lastKnownFileType = text.plist.xml; path = Info.plist; sourceTree = "<group>"; };
		E833103126A417CC00A6AA59 /* KPSUtility.swift */ = {isa = PBXFileReference; lastKnownFileType = sourcecode.swift; path = KPSUtility.swift; sourceTree = "<group>"; };
		E833103426A417F800A6AA59 /* KPSUtilityTest.swift */ = {isa = PBXFileReference; lastKnownFileType = sourcecode.swift; path = KPSUtilityTest.swift; sourceTree = "<group>"; };
		E833103726AAAE1D00A6AA59 /* KPSClient.swift */ = {isa = PBXFileReference; lastKnownFileType = sourcecode.swift; path = KPSClient.swift; sourceTree = "<group>"; };
		E833103B26AAB60800A6AA59 /* CoreAPIService.swift */ = {isa = PBXFileReference; lastKnownFileType = sourcecode.swift; path = CoreAPIService.swift; sourceTree = "<group>"; };
		E833103D26AAF83B00A6AA59 /* Alamofire.framework */ = {isa = PBXFileReference; explicitFileType = wrapper.framework; path = Alamofire.framework; sourceTree = BUILT_PRODUCTS_DIR; };
		E833104226AAF96A00A6AA59 /* Alamofire.framework */ = {isa = PBXFileReference; explicitFileType = wrapper.framework; path = Alamofire.framework; sourceTree = BUILT_PRODUCTS_DIR; };
		E833104526AAF97200A6AA59 /* Moya.framework */ = {isa = PBXFileReference; explicitFileType = wrapper.framework; path = Moya.framework; sourceTree = BUILT_PRODUCTS_DIR; };
		E833105126AB0A4500A6AA59 /* LoginResponse.swift */ = {isa = PBXFileReference; lastKnownFileType = sourcecode.swift; path = LoginResponse.swift; sourceTree = "<group>"; };
		E833105326AB0FED00A6AA59 /* KPSContent.swift */ = {isa = PBXFileReference; lastKnownFileType = sourcecode.swift; path = KPSContent.swift; sourceTree = "<group>"; };
		E833106426AC65FA00A6AA59 /* KPS_iOS.framework */ = {isa = PBXFileReference; explicitFileType = wrapper.framework; path = KPS_iOS.framework; sourceTree = BUILT_PRODUCTS_DIR; };
		E833108A26B3B0F100A6AA59 /* Codable+Extension.swift */ = {isa = PBXFileReference; fileEncoding = 4; lastKnownFileType = sourcecode.swift; path = "Codable+Extension.swift"; sourceTree = "<group>"; };
		E833109226B44C1B00A6AA59 /* KPSClientTests.swift */ = {isa = PBXFileReference; lastKnownFileType = sourcecode.swift; path = KPSClientTests.swift; sourceTree = "<group>"; };
		E833109726B50CB700A6AA59 /* folderList.json */ = {isa = PBXFileReference; fileEncoding = 4; lastKnownFileType = text.json; path = folderList.json; sourceTree = "<group>"; };
		E833109826B50CB700A6AA59 /* articleContent.json */ = {isa = PBXFileReference; fileEncoding = 4; lastKnownFileType = text.json; path = articleContent.json; sourceTree = "<group>"; };
		E83310A426B53EB400A6AA59 /* Bundle+Extension.swift */ = {isa = PBXFileReference; lastKnownFileType = sourcecode.swift; path = "Bundle+Extension.swift"; sourceTree = "<group>"; };
		E83310A626B547B300A6AA59 /* previewArticleContent.json */ = {isa = PBXFileReference; lastKnownFileType = text.json; path = previewArticleContent.json; sourceTree = "<group>"; };
		E88396C326ECF16F00B9C9F7 /* KPSContentMeta.swift */ = {isa = PBXFileReference; lastKnownFileType = sourcecode.swift; path = KPSContentMeta.swift; sourceTree = "<group>"; };
		E88396C526ECF76800B9C9F7 /* KPSCollection.swift */ = {isa = PBXFileReference; lastKnownFileType = sourcecode.swift; path = KPSCollection.swift; sourceTree = "<group>"; };
		E88396C726ECFACC00B9C9F7 /* KPSImageResource.swift */ = {isa = PBXFileReference; lastKnownFileType = sourcecode.swift; path = KPSImageResource.swift; sourceTree = "<group>"; };
		E88C466526CCAE0C001243F5 /* audioContent.json */ = {isa = PBXFileReference; lastKnownFileType = text.json; path = audioContent.json; sourceTree = "<group>"; };
		E88C466726CCB034001243F5 /* KPSAudio.swift */ = {isa = PBXFileReference; lastKnownFileType = sourcecode.swift; path = KPSAudio.swift; sourceTree = "<group>"; };
		E88C466926CD260C001243F5 /* ThreadSafeArray.swift */ = {isa = PBXFileReference; lastKnownFileType = sourcecode.swift; path = ThreadSafeArray.swift; sourceTree = "<group>"; };
		E8A4C8BF26BB869A0082B4F7 /* KPSClient+Media.swift */ = {isa = PBXFileReference; lastKnownFileType = sourcecode.swift; path = "KPSClient+Media.swift"; sourceTree = "<group>"; };
		E8A4C8C326BBD6DE0082B4F7 /* IronBacon.mp3 */ = {isa = PBXFileReference; lastKnownFileType = audio.mp3; path = IronBacon.mp3; sourceTree = "<group>"; };
		E8A4C8CA26BFD2590082B4F7 /* KPSClientMediaTests.swift */ = {isa = PBXFileReference; lastKnownFileType = sourcecode.swift; path = KPSClientMediaTests.swift; sourceTree = "<group>"; };
		E8A4C8CD26BFD4500082B4F7 /* KPSClientMediaContentDelegateMock.swift */ = {isa = PBXFileReference; lastKnownFileType = sourcecode.swift; path = KPSClientMediaContentDelegateMock.swift; sourceTree = "<group>"; };
		E8A4C8CF26C11EAC0082B4F7 /* WhatYouWant.mp3 */ = {isa = PBXFileReference; lastKnownFileType = audio.mp3; path = WhatYouWant.mp3; sourceTree = "<group>"; };
		E8A4C8D126C186D50082B4F7 /* XCTest+Eventually.swift */ = {isa = PBXFileReference; lastKnownFileType = sourcecode.swift; path = "XCTest+Eventually.swift"; sourceTree = "<group>"; };
		E8A4C8D926C3FC0B0082B4F7 /* folderContent.json */ = {isa = PBXFileReference; lastKnownFileType = text.json; path = folderContent.json; sourceTree = "<group>"; };
		E8A4C8DB26C4B3AE0082B4F7 /* KPSArticle.swift */ = {isa = PBXFileReference; lastKnownFileType = sourcecode.swift; path = KPSArticle.swift; sourceTree = "<group>"; };
		E8A4C8DD26C4B5B70082B4F7 /* KPSImage.swift */ = {isa = PBXFileReference; lastKnownFileType = sourcecode.swift; path = KPSImage.swift; sourceTree = "<group>"; };
		EAD0C78CD6C0FB894AEF4FAE /* Pods_KPS.framework */ = {isa = PBXFileReference; explicitFileType = wrapper.framework; includeInIndex = 0; path = Pods_KPS.framework; sourceTree = BUILT_PRODUCTS_DIR; };
		FB2D8D38E46C889B6297FE6E /* libPods-KPSExample.a */ = {isa = PBXFileReference; explicitFileType = archive.ar; includeInIndex = 0; path = "libPods-KPSExample.a"; sourceTree = BUILT_PRODUCTS_DIR; };
/* End PBXFileReference section */

/* Begin PBXFrameworksBuildPhase section */
		E8330FFC26A4100E00A6AA59 /* Frameworks */ = {
			isa = PBXFrameworksBuildPhase;
			buildActionMask = 2147483647;
			files = (
				E833105B26AC634B00A6AA59 /* Pods_KPS.framework in Frameworks */,
			);
			runOnlyForDeploymentPostprocessing = 0;
		};
		E833100526A4100E00A6AA59 /* Frameworks */ = {
			isa = PBXFrameworksBuildPhase;
			buildActionMask = 2147483647;
			files = (
				E833100926A4100E00A6AA59 /* KPS.framework in Frameworks */,
				C2E82FE58B8F9BF98685E74B /* Pods_KPS_KPSTests.framework in Frameworks */,
			);
			runOnlyForDeploymentPostprocessing = 0;
		};
/* End PBXFrameworksBuildPhase section */

/* Begin PBXGroup section */
		5B8565A7A6114029A8E8889F /* Pods */ = {
			isa = PBXGroup;
			children = (
				B1B1F3A83BAAA5F378116184 /* Pods-KPS.debug.xcconfig */,
				884A072A2B934E70F2DC37B1 /* Pods-KPS.release.xcconfig */,
				E7DF22ABB67C81660A12B8C6 /* Pods-KPS-KPSTests.debug.xcconfig */,
				6C1D0C14A13FA98376B32B51 /* Pods-KPS-KPSTests.release.xcconfig */,
			);
			path = Pods;
			sourceTree = "<group>";
		};
		882C46E2586F7E06198F2091 /* Frameworks */ = {
			isa = PBXGroup;
			children = (
				E833106426AC65FA00A6AA59 /* KPS_iOS.framework */,
				E833104526AAF97200A6AA59 /* Moya.framework */,
				E833104226AAF96A00A6AA59 /* Alamofire.framework */,
				E833103D26AAF83B00A6AA59 /* Alamofire.framework */,
				E3AEEF5E789FDC4CF50D8D15 /* Pods_KPS.framework */,
				FB2D8D38E46C889B6297FE6E /* libPods-KPSExample.a */,
				5BAE52B314AE2D8F2390C9C7 /* Pods_KPS_KPSTests.framework */,
			);
			name = Frameworks;
			sourceTree = "<group>";
		};
		E8330FF526A4100E00A6AA59 = {
			isa = PBXGroup;
			children = (
				E833100126A4100E00A6AA59 /* KPS */,
				E833100C26A4100E00A6AA59 /* KPSTests */,
				E833100026A4100E00A6AA59 /* Products */,
				5B8565A7A6114029A8E8889F /* Pods */,
				882C46E2586F7E06198F2091 /* Frameworks */,
				E833104F26AB03DF00A6AA59 /* Recovered References */,
			);
			sourceTree = "<group>";
		};
		E833100026A4100E00A6AA59 /* Products */ = {
			isa = PBXGroup;
			children = (
				E8330FFF26A4100E00A6AA59 /* KPS.framework */,
				E833100826A4100E00A6AA59 /* KPSTests.xctest */,
			);
			name = Products;
			sourceTree = "<group>";
		};
		E833100126A4100E00A6AA59 /* KPS */ = {
			isa = PBXGroup;
			children = (
				E833108C26B3B1E400A6AA59 /* Extension */,
				E833103626AAADDF00A6AA59 /* Core */,
				E833105026AB077600A6AA59 /* Model */,
				E833108D26B43CDE00A6AA59 /* Resources */,
				E833100226A4100E00A6AA59 /* KPS.h */,
				E833100326A4100E00A6AA59 /* Info.plist */,
				E833103126A417CC00A6AA59 /* KPSUtility.swift */,
			);
			path = KPS;
			sourceTree = "<group>";
		};
		E833100C26A4100E00A6AA59 /* KPSTests */ = {
			isa = PBXGroup;
			children = (
				E8A4C8CC26BFD3FA0082B4F7 /* Mocks */,
				E833109226B44C1B00A6AA59 /* KPSClientTests.swift */,
				E8A4C8CA26BFD2590082B4F7 /* KPSClientMediaTests.swift */,
				E833103426A417F800A6AA59 /* KPSUtilityTest.swift */,
				E833100F26A4100E00A6AA59 /* Info.plist */,
				E8A4C8D126C186D50082B4F7 /* XCTest+Eventually.swift */,
			);
			path = KPSTests;
			sourceTree = "<group>";
		};
		E833103626AAADDF00A6AA59 /* Core */ = {
			isa = PBXGroup;
			children = (
				E833103726AAAE1D00A6AA59 /* KPSClient.swift */,
				E8A4C8BF26BB869A0082B4F7 /* KPSClient+Media.swift */,
				E833103B26AAB60800A6AA59 /* CoreAPIService.swift */,
			);
			path = Core;
			sourceTree = "<group>";
		};
		E833104F26AB03DF00A6AA59 /* Recovered References */ = {
			isa = PBXGroup;
			children = (
				EAD0C78CD6C0FB894AEF4FAE /* Pods_KPS.framework */,
			);
			name = "Recovered References";
			sourceTree = "<group>";
		};
		E833105026AB077600A6AA59 /* Model */ = {
			isa = PBXGroup;
			children = (
				E833105126AB0A4500A6AA59 /* LoginResponse.swift */,
				E8A4C8DB26C4B3AE0082B4F7 /* KPSArticle.swift */,
				E88C466726CCB034001243F5 /* KPSAudio.swift */,
				E833105326AB0FED00A6AA59 /* KPSContent.swift */,
				E88396C326ECF16F00B9C9F7 /* KPSContentMeta.swift */,
				E88396C526ECF76800B9C9F7 /* KPSCollection.swift */,
				E8A4C8DD26C4B5B70082B4F7 /* KPSImage.swift */,
				E88396C726ECFACC00B9C9F7 /* KPSImageResource.swift */,
			);
			path = Model;
			sourceTree = "<group>";
		};
		E833108C26B3B1E400A6AA59 /* Extension */ = {
			isa = PBXGroup;
			children = (
				E833108A26B3B0F100A6AA59 /* Codable+Extension.swift */,
				E83310A426B53EB400A6AA59 /* Bundle+Extension.swift */,
				E88C466926CD260C001243F5 /* ThreadSafeArray.swift */,
			);
			path = Extension;
			sourceTree = "<group>";
		};
		E833108D26B43CDE00A6AA59 /* Resources */ = {
			isa = PBXGroup;
			children = (
				E8A4C8CF26C11EAC0082B4F7 /* WhatYouWant.mp3 */,
				E8A4C8C326BBD6DE0082B4F7 /* IronBacon.mp3 */,
				E833109726B50CB700A6AA59 /* folderList.json */,
				E833109826B50CB700A6AA59 /* articleContent.json */,
				E88C466526CCAE0C001243F5 /* audioContent.json */,
				E83310A626B547B300A6AA59 /* previewArticleContent.json */,
				E8A4C8D926C3FC0B0082B4F7 /* folderContent.json */,
			);
			path = Resources;
			sourceTree = "<group>";
		};
		E8A4C8CC26BFD3FA0082B4F7 /* Mocks */ = {
			isa = PBXGroup;
			children = (
				E8A4C8CD26BFD4500082B4F7 /* KPSClientMediaContentDelegateMock.swift */,
			);
			path = Mocks;
			sourceTree = "<group>";
		};
/* End PBXGroup section */

/* Begin PBXHeadersBuildPhase section */
		E8330FFA26A4100E00A6AA59 /* Headers */ = {
			isa = PBXHeadersBuildPhase;
			buildActionMask = 2147483647;
			files = (
				E833101026A4100E00A6AA59 /* KPS.h in Headers */,
			);
			runOnlyForDeploymentPostprocessing = 0;
		};
/* End PBXHeadersBuildPhase section */

/* Begin PBXNativeTarget section */
		E8330FFE26A4100E00A6AA59 /* KPS */ = {
			isa = PBXNativeTarget;
			buildConfigurationList = E833101326A4100E00A6AA59 /* Build configuration list for PBXNativeTarget "KPS" */;
			buildPhases = (
				0F3D33621D6B25D4AAC43852 /* [CP] Check Pods Manifest.lock */,
				E8330FFA26A4100E00A6AA59 /* Headers */,
				E8330FFB26A4100E00A6AA59 /* Sources */,
				E8330FFC26A4100E00A6AA59 /* Frameworks */,
				E8330FFD26A4100E00A6AA59 /* Resources */,
			);
			buildRules = (
			);
			dependencies = (
			);
			name = KPS;
			productName = KPS;
			productReference = E8330FFF26A4100E00A6AA59 /* KPS.framework */;
			productType = "com.apple.product-type.framework";
		};
		E833100726A4100E00A6AA59 /* KPSTests */ = {
			isa = PBXNativeTarget;
			buildConfigurationList = E833101626A4100E00A6AA59 /* Build configuration list for PBXNativeTarget "KPSTests" */;
			buildPhases = (
				29DF9E280A8D6E4168C5A71E /* [CP] Check Pods Manifest.lock */,
				E833100426A4100E00A6AA59 /* Sources */,
				E833100526A4100E00A6AA59 /* Frameworks */,
				E833100626A4100E00A6AA59 /* Resources */,
				ADF93FFE0EC53B7F9CF4E5C3 /* [CP] Embed Pods Frameworks */,
			);
			buildRules = (
			);
			dependencies = (
				E833100B26A4100E00A6AA59 /* PBXTargetDependency */,
			);
			name = KPSTests;
			productName = KPSTests;
			productReference = E833100826A4100E00A6AA59 /* KPSTests.xctest */;
			productType = "com.apple.product-type.bundle.unit-test";
		};
/* End PBXNativeTarget section */

/* Begin PBXProject section */
		E8330FF626A4100E00A6AA59 /* Project object */ = {
			isa = PBXProject;
			attributes = {
				LastSwiftUpdateCheck = 1250;
				LastUpgradeCheck = 1250;
				TargetAttributes = {
					E8330FFE26A4100E00A6AA59 = {
						CreatedOnToolsVersion = 12.5.1;
						LastSwiftMigration = 1250;
					};
					E833100726A4100E00A6AA59 = {
						CreatedOnToolsVersion = 12.5.1;
					};
				};
			};
			buildConfigurationList = E8330FF926A4100E00A6AA59 /* Build configuration list for PBXProject "KPS" */;
			compatibilityVersion = "Xcode 9.3";
			developmentRegion = en;
			hasScannedForEncodings = 0;
			knownRegions = (
				en,
				Base,
			);
			mainGroup = E8330FF526A4100E00A6AA59;
			productRefGroup = E833100026A4100E00A6AA59 /* Products */;
			projectDirPath = "";
			projectRoot = "";
			targets = (
				E8330FFE26A4100E00A6AA59 /* KPS */,
				E833100726A4100E00A6AA59 /* KPSTests */,
			);
		};
/* End PBXProject section */

/* Begin PBXResourcesBuildPhase section */
		E8330FFD26A4100E00A6AA59 /* Resources */ = {
			isa = PBXResourcesBuildPhase;
			buildActionMask = 2147483647;
			files = (
				E8A4C8C426BBD6DE0082B4F7 /* IronBacon.mp3 in Resources */,
				E83310A326B5327C00A6AA59 /* articleContent.json in Resources */,
				E83310A726B547B300A6AA59 /* previewArticleContent.json in Resources */,
				E83310A226B5327800A6AA59 /* folderList.json in Resources */,
				E8A4C8D026C11EAC0082B4F7 /* WhatYouWant.mp3 in Resources */,
				E88C466626CCAE0C001243F5 /* audioContent.json in Resources */,
				E8A4C8DA26C3FC0B0082B4F7 /* folderContent.json in Resources */,
			);
			runOnlyForDeploymentPostprocessing = 0;
		};
		E833100626A4100E00A6AA59 /* Resources */ = {
			isa = PBXResourcesBuildPhase;
			buildActionMask = 2147483647;
			files = (
			);
			runOnlyForDeploymentPostprocessing = 0;
		};
/* End PBXResourcesBuildPhase section */

/* Begin PBXShellScriptBuildPhase section */
		0F3D33621D6B25D4AAC43852 /* [CP] Check Pods Manifest.lock */ = {
			isa = PBXShellScriptBuildPhase;
			buildActionMask = 2147483647;
			files = (
			);
			inputFileListPaths = (
			);
			inputPaths = (
				"${PODS_PODFILE_DIR_PATH}/Podfile.lock",
				"${PODS_ROOT}/Manifest.lock",
			);
			name = "[CP] Check Pods Manifest.lock";
			outputFileListPaths = (
			);
			outputPaths = (
				"$(DERIVED_FILE_DIR)/Pods-KPS-checkManifestLockResult.txt",
			);
			runOnlyForDeploymentPostprocessing = 0;
			shellPath = /bin/sh;
			shellScript = "diff \"${PODS_PODFILE_DIR_PATH}/Podfile.lock\" \"${PODS_ROOT}/Manifest.lock\" > /dev/null\nif [ $? != 0 ] ; then\n    # print error to STDERR\n    echo \"error: The sandbox is not in sync with the Podfile.lock. Run 'pod install' or update your CocoaPods installation.\" >&2\n    exit 1\nfi\n# This output is used by Xcode 'outputs' to avoid re-running this script phase.\necho \"SUCCESS\" > \"${SCRIPT_OUTPUT_FILE_0}\"\n";
			showEnvVarsInLog = 0;
		};
		29DF9E280A8D6E4168C5A71E /* [CP] Check Pods Manifest.lock */ = {
			isa = PBXShellScriptBuildPhase;
			buildActionMask = 2147483647;
			files = (
			);
			inputFileListPaths = (
			);
			inputPaths = (
				"${PODS_PODFILE_DIR_PATH}/Podfile.lock",
				"${PODS_ROOT}/Manifest.lock",
			);
			name = "[CP] Check Pods Manifest.lock";
			outputFileListPaths = (
			);
			outputPaths = (
				"$(DERIVED_FILE_DIR)/Pods-KPS-KPSTests-checkManifestLockResult.txt",
			);
			runOnlyForDeploymentPostprocessing = 0;
			shellPath = /bin/sh;
			shellScript = "diff \"${PODS_PODFILE_DIR_PATH}/Podfile.lock\" \"${PODS_ROOT}/Manifest.lock\" > /dev/null\nif [ $? != 0 ] ; then\n    # print error to STDERR\n    echo \"error: The sandbox is not in sync with the Podfile.lock. Run 'pod install' or update your CocoaPods installation.\" >&2\n    exit 1\nfi\n# This output is used by Xcode 'outputs' to avoid re-running this script phase.\necho \"SUCCESS\" > \"${SCRIPT_OUTPUT_FILE_0}\"\n";
			showEnvVarsInLog = 0;
		};
		ADF93FFE0EC53B7F9CF4E5C3 /* [CP] Embed Pods Frameworks */ = {
			isa = PBXShellScriptBuildPhase;
			buildActionMask = 2147483647;
			files = (
			);
			inputFileListPaths = (
				"${PODS_ROOT}/Target Support Files/Pods-KPS-KPSTests/Pods-KPS-KPSTests-frameworks-${CONFIGURATION}-input-files.xcfilelist",
			);
			name = "[CP] Embed Pods Frameworks";
			outputFileListPaths = (
				"${PODS_ROOT}/Target Support Files/Pods-KPS-KPSTests/Pods-KPS-KPSTests-frameworks-${CONFIGURATION}-output-files.xcfilelist",
			);
			runOnlyForDeploymentPostprocessing = 0;
			shellPath = /bin/sh;
			shellScript = "\"${PODS_ROOT}/Target Support Files/Pods-KPS-KPSTests/Pods-KPS-KPSTests-frameworks.sh\"\n";
			showEnvVarsInLog = 0;
		};
/* End PBXShellScriptBuildPhase section */

/* Begin PBXSourcesBuildPhase section */
		E8330FFB26A4100E00A6AA59 /* Sources */ = {
			isa = PBXSourcesBuildPhase;
			buildActionMask = 2147483647;
			files = (
				E88396C626ECF76800B9C9F7 /* KPSCollection.swift in Sources */,
				E833108B26B3B0F100A6AA59 /* Codable+Extension.swift in Sources */,
				E83310A526B53EB400A6AA59 /* Bundle+Extension.swift in Sources */,
				E833103226A417CC00A6AA59 /* KPSUtility.swift in Sources */,
				E833103826AAAE1D00A6AA59 /* KPSClient.swift in Sources */,
				E88C466826CCB034001243F5 /* KPSAudio.swift in Sources */,
				E88C466A26CD260C001243F5 /* ThreadSafeArray.swift in Sources */,
				E88396C426ECF16F00B9C9F7 /* KPSContentMeta.swift in Sources */,
				E8A4C8DC26C4B3AE0082B4F7 /* KPSArticle.swift in Sources */,
				E88396C826ECFACC00B9C9F7 /* KPSImageResource.swift in Sources */,
				E8A4C8DE26C4B5B70082B4F7 /* KPSImage.swift in Sources */,
				E833105426AB0FED00A6AA59 /* KPSContent.swift in Sources */,
				E833105226AB0A4500A6AA59 /* LoginResponse.swift in Sources */,
				E833103C26AAB60800A6AA59 /* CoreAPIService.swift in Sources */,
				E8A4C8C026BB869A0082B4F7 /* KPSClient+Media.swift in Sources */,
			);
			runOnlyForDeploymentPostprocessing = 0;
		};
		E833100426A4100E00A6AA59 /* Sources */ = {
			isa = PBXSourcesBuildPhase;
			buildActionMask = 2147483647;
			files = (
				E8A4C8CB26BFD2590082B4F7 /* KPSClientMediaTests.swift in Sources */,
				E833103526A417F800A6AA59 /* KPSUtilityTest.swift in Sources */,
				E833103326A417CC00A6AA59 /* KPSUtility.swift in Sources */,
				E8A4C8D226C186D50082B4F7 /* XCTest+Eventually.swift in Sources */,
				E833109326B44C1B00A6AA59 /* KPSClientTests.swift in Sources */,
				E8A4C8CE26BFD4500082B4F7 /* KPSClientMediaContentDelegateMock.swift in Sources */,
			);
			runOnlyForDeploymentPostprocessing = 0;
		};
/* End PBXSourcesBuildPhase section */

/* Begin PBXTargetDependency section */
		E833100B26A4100E00A6AA59 /* PBXTargetDependency */ = {
			isa = PBXTargetDependency;
			target = E8330FFE26A4100E00A6AA59 /* KPS */;
			targetProxy = E833100A26A4100E00A6AA59 /* PBXContainerItemProxy */;
		};
/* End PBXTargetDependency section */

/* Begin XCBuildConfiguration section */
		E833101126A4100E00A6AA59 /* Debug */ = {
			isa = XCBuildConfiguration;
			buildSettings = {
				ALWAYS_SEARCH_USER_PATHS = NO;
				CLANG_ANALYZER_NONNULL = YES;
				CLANG_ANALYZER_NUMBER_OBJECT_CONVERSION = YES_AGGRESSIVE;
				CLANG_CXX_LANGUAGE_STANDARD = "gnu++14";
				CLANG_CXX_LIBRARY = "libc++";
				CLANG_ENABLE_MODULES = YES;
				CLANG_ENABLE_OBJC_ARC = YES;
				CLANG_ENABLE_OBJC_WEAK = YES;
				CLANG_WARN_BLOCK_CAPTURE_AUTORELEASING = YES;
				CLANG_WARN_BOOL_CONVERSION = YES;
				CLANG_WARN_COMMA = YES;
				CLANG_WARN_CONSTANT_CONVERSION = YES;
				CLANG_WARN_DEPRECATED_OBJC_IMPLEMENTATIONS = YES;
				CLANG_WARN_DIRECT_OBJC_ISA_USAGE = YES_ERROR;
				CLANG_WARN_DOCUMENTATION_COMMENTS = YES;
				CLANG_WARN_EMPTY_BODY = YES;
				CLANG_WARN_ENUM_CONVERSION = YES;
				CLANG_WARN_INFINITE_RECURSION = YES;
				CLANG_WARN_INT_CONVERSION = YES;
				CLANG_WARN_NON_LITERAL_NULL_CONVERSION = YES;
				CLANG_WARN_OBJC_IMPLICIT_RETAIN_SELF = YES;
				CLANG_WARN_OBJC_LITERAL_CONVERSION = YES;
				CLANG_WARN_OBJC_ROOT_CLASS = YES_ERROR;
				CLANG_WARN_QUOTED_INCLUDE_IN_FRAMEWORK_HEADER = YES;
				CLANG_WARN_RANGE_LOOP_ANALYSIS = YES;
				CLANG_WARN_STRICT_PROTOTYPES = YES;
				CLANG_WARN_SUSPICIOUS_MOVE = YES;
				CLANG_WARN_UNGUARDED_AVAILABILITY = YES_AGGRESSIVE;
				CLANG_WARN_UNREACHABLE_CODE = YES;
				CLANG_WARN__DUPLICATE_METHOD_MATCH = YES;
				COPY_PHASE_STRIP = NO;
				CURRENT_PROJECT_VERSION = 1;
				DEBUG_INFORMATION_FORMAT = dwarf;
				ENABLE_STRICT_OBJC_MSGSEND = YES;
				ENABLE_TESTABILITY = YES;
				GCC_C_LANGUAGE_STANDARD = gnu11;
				GCC_DYNAMIC_NO_PIC = NO;
				GCC_NO_COMMON_BLOCKS = YES;
				GCC_OPTIMIZATION_LEVEL = 0;
				GCC_PREPROCESSOR_DEFINITIONS = (
					"DEBUG=1",
					"$(inherited)",
				);
				GCC_WARN_64_TO_32_BIT_CONVERSION = YES;
				GCC_WARN_ABOUT_RETURN_TYPE = YES_ERROR;
				GCC_WARN_UNDECLARED_SELECTOR = YES;
				GCC_WARN_UNINITIALIZED_AUTOS = YES_AGGRESSIVE;
				GCC_WARN_UNUSED_FUNCTION = YES;
				GCC_WARN_UNUSED_VARIABLE = YES;
				IPHONEOS_DEPLOYMENT_TARGET = 14.5;
				MTL_ENABLE_DEBUG_INFO = INCLUDE_SOURCE;
				MTL_FAST_MATH = YES;
				ONLY_ACTIVE_ARCH = YES;
				SDKROOT = iphoneos;
				SWIFT_ACTIVE_COMPILATION_CONDITIONS = DEBUG;
				SWIFT_OPTIMIZATION_LEVEL = "-Onone";
				VERSIONING_SYSTEM = "apple-generic";
				VERSION_INFO_PREFIX = "";
			};
			name = Debug;
		};
		E833101226A4100E00A6AA59 /* Release */ = {
			isa = XCBuildConfiguration;
			buildSettings = {
				ALWAYS_SEARCH_USER_PATHS = NO;
				CLANG_ANALYZER_NONNULL = YES;
				CLANG_ANALYZER_NUMBER_OBJECT_CONVERSION = YES_AGGRESSIVE;
				CLANG_CXX_LANGUAGE_STANDARD = "gnu++14";
				CLANG_CXX_LIBRARY = "libc++";
				CLANG_ENABLE_MODULES = YES;
				CLANG_ENABLE_OBJC_ARC = YES;
				CLANG_ENABLE_OBJC_WEAK = YES;
				CLANG_WARN_BLOCK_CAPTURE_AUTORELEASING = YES;
				CLANG_WARN_BOOL_CONVERSION = YES;
				CLANG_WARN_COMMA = YES;
				CLANG_WARN_CONSTANT_CONVERSION = YES;
				CLANG_WARN_DEPRECATED_OBJC_IMPLEMENTATIONS = YES;
				CLANG_WARN_DIRECT_OBJC_ISA_USAGE = YES_ERROR;
				CLANG_WARN_DOCUMENTATION_COMMENTS = YES;
				CLANG_WARN_EMPTY_BODY = YES;
				CLANG_WARN_ENUM_CONVERSION = YES;
				CLANG_WARN_INFINITE_RECURSION = YES;
				CLANG_WARN_INT_CONVERSION = YES;
				CLANG_WARN_NON_LITERAL_NULL_CONVERSION = YES;
				CLANG_WARN_OBJC_IMPLICIT_RETAIN_SELF = YES;
				CLANG_WARN_OBJC_LITERAL_CONVERSION = YES;
				CLANG_WARN_OBJC_ROOT_CLASS = YES_ERROR;
				CLANG_WARN_QUOTED_INCLUDE_IN_FRAMEWORK_HEADER = YES;
				CLANG_WARN_RANGE_LOOP_ANALYSIS = YES;
				CLANG_WARN_STRICT_PROTOTYPES = YES;
				CLANG_WARN_SUSPICIOUS_MOVE = YES;
				CLANG_WARN_UNGUARDED_AVAILABILITY = YES_AGGRESSIVE;
				CLANG_WARN_UNREACHABLE_CODE = YES;
				CLANG_WARN__DUPLICATE_METHOD_MATCH = YES;
				COPY_PHASE_STRIP = NO;
				CURRENT_PROJECT_VERSION = 1;
				DEBUG_INFORMATION_FORMAT = "dwarf-with-dsym";
				ENABLE_NS_ASSERTIONS = NO;
				ENABLE_STRICT_OBJC_MSGSEND = YES;
				GCC_C_LANGUAGE_STANDARD = gnu11;
				GCC_NO_COMMON_BLOCKS = YES;
				GCC_WARN_64_TO_32_BIT_CONVERSION = YES;
				GCC_WARN_ABOUT_RETURN_TYPE = YES_ERROR;
				GCC_WARN_UNDECLARED_SELECTOR = YES;
				GCC_WARN_UNINITIALIZED_AUTOS = YES_AGGRESSIVE;
				GCC_WARN_UNUSED_FUNCTION = YES;
				GCC_WARN_UNUSED_VARIABLE = YES;
				IPHONEOS_DEPLOYMENT_TARGET = 14.5;
				MTL_ENABLE_DEBUG_INFO = NO;
				MTL_FAST_MATH = YES;
				SDKROOT = iphoneos;
				SWIFT_COMPILATION_MODE = wholemodule;
				SWIFT_OPTIMIZATION_LEVEL = "-O";
				VALIDATE_PRODUCT = YES;
				VERSIONING_SYSTEM = "apple-generic";
				VERSION_INFO_PREFIX = "";
			};
			name = Release;
		};
		E833101426A4100E00A6AA59 /* Debug */ = {
			isa = XCBuildConfiguration;
			baseConfigurationReference = B1B1F3A83BAAA5F378116184 /* Pods-KPS.debug.xcconfig */;
			buildSettings = {
				CLANG_ENABLE_MODULES = YES;
				CODE_SIGN_STYLE = Automatic;
				DEFINES_MODULE = YES;
				DEVELOPMENT_TEAM = KSFL9L3S98;
				DYLIB_COMPATIBILITY_VERSION = 1;
				DYLIB_CURRENT_VERSION = 1;
				DYLIB_INSTALL_NAME_BASE = "@rpath";
				INFOPLIST_FILE = KPS/Info.plist;
				INSTALL_PATH = "$(LOCAL_LIBRARY_DIR)/Frameworks";
				LD_RUNPATH_SEARCH_PATHS = (
					"$(inherited)",
					"@executable_path/Frameworks",
					"@loader_path/Frameworks",
				);
				PRODUCT_BUNDLE_IDENTIFIER = com.thekono.KPS;
				PRODUCT_NAME = "$(TARGET_NAME:c99extidentifier)";
				SKIP_INSTALL = YES;
				SUPPORTS_MACCATALYST = YES;
				SWIFT_OPTIMIZATION_LEVEL = "-Onone";
				SWIFT_VERSION = 4.2;
				TARGETED_DEVICE_FAMILY = "1,2";
			};
			name = Debug;
		};
		E833101526A4100E00A6AA59 /* Release */ = {
			isa = XCBuildConfiguration;
			baseConfigurationReference = 884A072A2B934E70F2DC37B1 /* Pods-KPS.release.xcconfig */;
			buildSettings = {
				CLANG_ENABLE_MODULES = YES;
				CODE_SIGN_STYLE = Automatic;
				DEFINES_MODULE = YES;
				DEVELOPMENT_TEAM = KSFL9L3S98;
				DYLIB_COMPATIBILITY_VERSION = 1;
				DYLIB_CURRENT_VERSION = 1;
				DYLIB_INSTALL_NAME_BASE = "@rpath";
				INFOPLIST_FILE = KPS/Info.plist;
				INSTALL_PATH = "$(LOCAL_LIBRARY_DIR)/Frameworks";
				LD_RUNPATH_SEARCH_PATHS = (
					"$(inherited)",
					"@executable_path/Frameworks",
					"@loader_path/Frameworks",
				);
				ONLY_ACTIVE_ARCH = NO;
				PRODUCT_BUNDLE_IDENTIFIER = com.thekono.KPS;
				PRODUCT_NAME = "$(TARGET_NAME:c99extidentifier)";
				SKIP_INSTALL = YES;
				SUPPORTS_MACCATALYST = YES;
				SWIFT_VERSION = 4.2;
				TARGETED_DEVICE_FAMILY = "1,2";
			};
			name = Release;
		};
		E833101726A4100E00A6AA59 /* Debug */ = {
			isa = XCBuildConfiguration;
			baseConfigurationReference = E7DF22ABB67C81660A12B8C6 /* Pods-KPS-KPSTests.debug.xcconfig */;
			buildSettings = {
				ALWAYS_EMBED_SWIFT_STANDARD_LIBRARIES = "$(inherited)";
				CODE_SIGN_STYLE = Automatic;
				DEVELOPMENT_TEAM = KSFL9L3S98;
				INFOPLIST_FILE = KPSTests/Info.plist;
				LD_RUNPATH_SEARCH_PATHS = (
					"$(inherited)",
					"@executable_path/Frameworks",
					"@loader_path/Frameworks",
				);
				PRODUCT_BUNDLE_IDENTIFIER = com.thekono.KPSTests;
				PRODUCT_NAME = "$(TARGET_NAME)";
				SWIFT_VERSION = 5.0;
				TARGETED_DEVICE_FAMILY = "1,2";
			};
			name = Debug;
		};
		E833101826A4100E00A6AA59 /* Release */ = {
			isa = XCBuildConfiguration;
			baseConfigurationReference = 6C1D0C14A13FA98376B32B51 /* Pods-KPS-KPSTests.release.xcconfig */;
			buildSettings = {
				ALWAYS_EMBED_SWIFT_STANDARD_LIBRARIES = "$(inherited)";
				CODE_SIGN_STYLE = Automatic;
				DEVELOPMENT_TEAM = KSFL9L3S98;
				INFOPLIST_FILE = KPSTests/Info.plist;
				LD_RUNPATH_SEARCH_PATHS = (
					"$(inherited)",
					"@executable_path/Frameworks",
					"@loader_path/Frameworks",
				);
				PRODUCT_BUNDLE_IDENTIFIER = com.thekono.KPSTests;
				PRODUCT_NAME = "$(TARGET_NAME)";
				SWIFT_VERSION = 5.0;
				TARGETED_DEVICE_FAMILY = "1,2";
			};
			name = Release;
		};
/* End XCBuildConfiguration section */

/* Begin XCConfigurationList section */
		E8330FF926A4100E00A6AA59 /* Build configuration list for PBXProject "KPS" */ = {
			isa = XCConfigurationList;
			buildConfigurations = (
				E833101126A4100E00A6AA59 /* Debug */,
				E833101226A4100E00A6AA59 /* Release */,
			);
			defaultConfigurationIsVisible = 0;
			defaultConfigurationName = Release;
		};
		E833101326A4100E00A6AA59 /* Build configuration list for PBXNativeTarget "KPS" */ = {
			isa = XCConfigurationList;
			buildConfigurations = (
				E833101426A4100E00A6AA59 /* Debug */,
				E833101526A4100E00A6AA59 /* Release */,
			);
			defaultConfigurationIsVisible = 0;
			defaultConfigurationName = Release;
		};
		E833101626A4100E00A6AA59 /* Build configuration list for PBXNativeTarget "KPSTests" */ = {
			isa = XCConfigurationList;
			buildConfigurations = (
				E833101726A4100E00A6AA59 /* Debug */,
				E833101826A4100E00A6AA59 /* Release */,
			);
			defaultConfigurationIsVisible = 0;
			defaultConfigurationName = Release;
		};
/* End XCConfigurationList section */
	};
	rootObject = E8330FF626A4100E00A6AA59 /* Project object */;
}
