// !$*UTF8*$!
{
	archiveVersion = 1;
	classes = {
	};
	objectVersion = 50;
	objects = {

/* Begin PBXBuildFile section */
		99055DDFF113AC4A0DF56D70 /* Pods_KPSTests.framework in Frameworks */ = {isa = PBXBuildFile; fileRef = C763CF4E42A361D69F0D222F /* Pods_KPSTests.framework */; };
		B0148C73424AACBA6D4BF1A6 /* Pods_KPS.framework in Frameworks */ = {isa = PBXBuildFile; fileRef = EAD0C78CD6C0FB894AEF4FAE /* Pods_KPS.framework */; };
		E833100926A4100E00A6AA59 /* KPS.framework in Frameworks */ = {isa = PBXBuildFile; fileRef = E8330FFF26A4100E00A6AA59 /* KPS.framework */; };
		E833100E26A4100E00A6AA59 /* KPSTests.swift in Sources */ = {isa = PBXBuildFile; fileRef = E833100D26A4100E00A6AA59 /* KPSTests.swift */; };
		E833101026A4100E00A6AA59 /* KPS.h in Headers */ = {isa = PBXBuildFile; fileRef = E833100226A4100E00A6AA59 /* KPS.h */; settings = {ATTRIBUTES = (Public, ); }; };
		E833102026A410A000A6AA59 /* AppDelegate.swift in Sources */ = {isa = PBXBuildFile; fileRef = E833101F26A410A000A6AA59 /* AppDelegate.swift */; };
		E833102226A410A000A6AA59 /* SceneDelegate.swift in Sources */ = {isa = PBXBuildFile; fileRef = E833102126A410A000A6AA59 /* SceneDelegate.swift */; };
		E833102426A410A000A6AA59 /* ViewController.swift in Sources */ = {isa = PBXBuildFile; fileRef = E833102326A410A000A6AA59 /* ViewController.swift */; };
		E833102726A410A000A6AA59 /* Main.storyboard in Resources */ = {isa = PBXBuildFile; fileRef = E833102526A410A000A6AA59 /* Main.storyboard */; };
		E833102926A410A200A6AA59 /* Assets.xcassets in Resources */ = {isa = PBXBuildFile; fileRef = E833102826A410A200A6AA59 /* Assets.xcassets */; };
		E833102C26A410A200A6AA59 /* LaunchScreen.storyboard in Resources */ = {isa = PBXBuildFile; fileRef = E833102A26A410A200A6AA59 /* LaunchScreen.storyboard */; };
		E833103226A417CC00A6AA59 /* KPSUtility.swift in Sources */ = {isa = PBXBuildFile; fileRef = E833103126A417CC00A6AA59 /* KPSUtility.swift */; };
		E833103326A417CC00A6AA59 /* KPSUtility.swift in Sources */ = {isa = PBXBuildFile; fileRef = E833103126A417CC00A6AA59 /* KPSUtility.swift */; };
		E833103526A417F800A6AA59 /* KPSUtilityTest.swift in Sources */ = {isa = PBXBuildFile; fileRef = E833103426A417F800A6AA59 /* KPSUtilityTest.swift */; };
/* End PBXBuildFile section */

/* Begin PBXContainerItemProxy section */
		E833100A26A4100E00A6AA59 /* PBXContainerItemProxy */ = {
			isa = PBXContainerItemProxy;
			containerPortal = E8330FF626A4100E00A6AA59 /* Project object */;
			proxyType = 1;
			remoteGlobalIDString = E8330FFE26A4100E00A6AA59;
			remoteInfo = KPS;
		};
/* End PBXContainerItemProxy section */

/* Begin PBXFileReference section */
		884A072A2B934E70F2DC37B1 /* Pods-KPS.release.xcconfig */ = {isa = PBXFileReference; includeInIndex = 1; lastKnownFileType = text.xcconfig; name = "Pods-KPS.release.xcconfig"; path = "Target Support Files/Pods-KPS/Pods-KPS.release.xcconfig"; sourceTree = "<group>"; };
		A66D57C2677888A955154D08 /* Pods-KPSTests.release.xcconfig */ = {isa = PBXFileReference; includeInIndex = 1; lastKnownFileType = text.xcconfig; name = "Pods-KPSTests.release.xcconfig"; path = "Target Support Files/Pods-KPSTests/Pods-KPSTests.release.xcconfig"; sourceTree = "<group>"; };
		AD706920647B740C3155C11F /* Pods-KPSTests.debug.xcconfig */ = {isa = PBXFileReference; includeInIndex = 1; lastKnownFileType = text.xcconfig; name = "Pods-KPSTests.debug.xcconfig"; path = "Target Support Files/Pods-KPSTests/Pods-KPSTests.debug.xcconfig"; sourceTree = "<group>"; };
		B1B1F3A83BAAA5F378116184 /* Pods-KPS.debug.xcconfig */ = {isa = PBXFileReference; includeInIndex = 1; lastKnownFileType = text.xcconfig; name = "Pods-KPS.debug.xcconfig"; path = "Target Support Files/Pods-KPS/Pods-KPS.debug.xcconfig"; sourceTree = "<group>"; };
		C763CF4E42A361D69F0D222F /* Pods_KPSTests.framework */ = {isa = PBXFileReference; explicitFileType = wrapper.framework; includeInIndex = 0; path = Pods_KPSTests.framework; sourceTree = BUILT_PRODUCTS_DIR; };
		E8330FFF26A4100E00A6AA59 /* KPS.framework */ = {isa = PBXFileReference; explicitFileType = wrapper.framework; includeInIndex = 0; path = KPS.framework; sourceTree = BUILT_PRODUCTS_DIR; };
		E833100226A4100E00A6AA59 /* KPS.h */ = {isa = PBXFileReference; lastKnownFileType = sourcecode.c.h; path = KPS.h; sourceTree = "<group>"; };
		E833100326A4100E00A6AA59 /* Info.plist */ = {isa = PBXFileReference; lastKnownFileType = text.plist.xml; path = Info.plist; sourceTree = "<group>"; };
		E833100826A4100E00A6AA59 /* KPSTests.xctest */ = {isa = PBXFileReference; explicitFileType = wrapper.cfbundle; includeInIndex = 0; path = KPSTests.xctest; sourceTree = BUILT_PRODUCTS_DIR; };
		E833100D26A4100E00A6AA59 /* KPSTests.swift */ = {isa = PBXFileReference; lastKnownFileType = sourcecode.swift; path = KPSTests.swift; sourceTree = "<group>"; };
		E833100F26A4100E00A6AA59 /* Info.plist */ = {isa = PBXFileReference; lastKnownFileType = text.plist.xml; path = Info.plist; sourceTree = "<group>"; };
		E833101D26A410A000A6AA59 /* KPSExample.app */ = {isa = PBXFileReference; explicitFileType = wrapper.application; includeInIndex = 0; path = KPSExample.app; sourceTree = BUILT_PRODUCTS_DIR; };
		E833101F26A410A000A6AA59 /* AppDelegate.swift */ = {isa = PBXFileReference; lastKnownFileType = sourcecode.swift; path = AppDelegate.swift; sourceTree = "<group>"; };
		E833102126A410A000A6AA59 /* SceneDelegate.swift */ = {isa = PBXFileReference; lastKnownFileType = sourcecode.swift; path = SceneDelegate.swift; sourceTree = "<group>"; };
		E833102326A410A000A6AA59 /* ViewController.swift */ = {isa = PBXFileReference; lastKnownFileType = sourcecode.swift; path = ViewController.swift; sourceTree = "<group>"; };
		E833102626A410A000A6AA59 /* Base */ = {isa = PBXFileReference; lastKnownFileType = file.storyboard; name = Base; path = Base.lproj/Main.storyboard; sourceTree = "<group>"; };
		E833102826A410A200A6AA59 /* Assets.xcassets */ = {isa = PBXFileReference; lastKnownFileType = folder.assetcatalog; path = Assets.xcassets; sourceTree = "<group>"; };
		E833102B26A410A200A6AA59 /* Base */ = {isa = PBXFileReference; lastKnownFileType = file.storyboard; name = Base; path = Base.lproj/LaunchScreen.storyboard; sourceTree = "<group>"; };
		E833102D26A410A200A6AA59 /* Info.plist */ = {isa = PBXFileReference; lastKnownFileType = text.plist.xml; path = Info.plist; sourceTree = "<group>"; };
		E833103126A417CC00A6AA59 /* KPSUtility.swift */ = {isa = PBXFileReference; lastKnownFileType = sourcecode.swift; path = KPSUtility.swift; sourceTree = "<group>"; };
		E833103426A417F800A6AA59 /* KPSUtilityTest.swift */ = {isa = PBXFileReference; lastKnownFileType = sourcecode.swift; path = KPSUtilityTest.swift; sourceTree = "<group>"; };
		EAD0C78CD6C0FB894AEF4FAE /* Pods_KPS.framework */ = {isa = PBXFileReference; explicitFileType = wrapper.framework; includeInIndex = 0; path = Pods_KPS.framework; sourceTree = BUILT_PRODUCTS_DIR; };
/* End PBXFileReference section */

/* Begin PBXFrameworksBuildPhase section */
		E8330FFC26A4100E00A6AA59 /* Frameworks */ = {
			isa = PBXFrameworksBuildPhase;
			buildActionMask = 2147483647;
			files = (
				B0148C73424AACBA6D4BF1A6 /* Pods_KPS.framework in Frameworks */,
			);
			runOnlyForDeploymentPostprocessing = 0;
		};
		E833100526A4100E00A6AA59 /* Frameworks */ = {
			isa = PBXFrameworksBuildPhase;
			buildActionMask = 2147483647;
			files = (
				E833100926A4100E00A6AA59 /* KPS.framework in Frameworks */,
				99055DDFF113AC4A0DF56D70 /* Pods_KPSTests.framework in Frameworks */,
			);
			runOnlyForDeploymentPostprocessing = 0;
		};
		E833101A26A410A000A6AA59 /* Frameworks */ = {
			isa = PBXFrameworksBuildPhase;
			buildActionMask = 2147483647;
			files = (
			);
			runOnlyForDeploymentPostprocessing = 0;
		};
/* End PBXFrameworksBuildPhase section */

/* Begin PBXGroup section */
		5B8565A7A6114029A8E8889F /* Pods */ = {
			isa = PBXGroup;
			children = (
				B1B1F3A83BAAA5F378116184 /* Pods-KPS.debug.xcconfig */,
				884A072A2B934E70F2DC37B1 /* Pods-KPS.release.xcconfig */,
				AD706920647B740C3155C11F /* Pods-KPSTests.debug.xcconfig */,
				A66D57C2677888A955154D08 /* Pods-KPSTests.release.xcconfig */,
			);
			name = Pods;
			path = Pods;
			sourceTree = "<group>";
		};
		882C46E2586F7E06198F2091 /* Frameworks */ = {
			isa = PBXGroup;
			children = (
				EAD0C78CD6C0FB894AEF4FAE /* Pods_KPS.framework */,
				C763CF4E42A361D69F0D222F /* Pods_KPSTests.framework */,
			);
			name = Frameworks;
			sourceTree = "<group>";
		};
		E8330FF526A4100E00A6AA59 = {
			isa = PBXGroup;
			children = (
				E833100126A4100E00A6AA59 /* KPS */,
				E833100C26A4100E00A6AA59 /* KPSTests */,
				E833101E26A410A000A6AA59 /* KPSExample */,
				E833100026A4100E00A6AA59 /* Products */,
				5B8565A7A6114029A8E8889F /* Pods */,
				882C46E2586F7E06198F2091 /* Frameworks */,
			);
			sourceTree = "<group>";
		};
		E833100026A4100E00A6AA59 /* Products */ = {
			isa = PBXGroup;
			children = (
				E8330FFF26A4100E00A6AA59 /* KPS.framework */,
				E833100826A4100E00A6AA59 /* KPSTests.xctest */,
				E833101D26A410A000A6AA59 /* KPSExample.app */,
			);
			name = Products;
			sourceTree = "<group>";
		};
		E833100126A4100E00A6AA59 /* KPS */ = {
			isa = PBXGroup;
			children = (
				E833100226A4100E00A6AA59 /* KPS.h */,
				E833100326A4100E00A6AA59 /* Info.plist */,
				E833103126A417CC00A6AA59 /* KPSUtility.swift */,
			);
			path = KPS;
			sourceTree = "<group>";
		};
		E833100C26A4100E00A6AA59 /* KPSTests */ = {
			isa = PBXGroup;
			children = (
				E833100D26A4100E00A6AA59 /* KPSTests.swift */,
				E833103426A417F800A6AA59 /* KPSUtilityTest.swift */,
				E833100F26A4100E00A6AA59 /* Info.plist */,
			);
			path = KPSTests;
			sourceTree = "<group>";
		};
		E833101E26A410A000A6AA59 /* KPSExample */ = {
			isa = PBXGroup;
			children = (
				E833101F26A410A000A6AA59 /* AppDelegate.swift */,
				E833102126A410A000A6AA59 /* SceneDelegate.swift */,
				E833102326A410A000A6AA59 /* ViewController.swift */,
				E833102526A410A000A6AA59 /* Main.storyboard */,
				E833102826A410A200A6AA59 /* Assets.xcassets */,
				E833102A26A410A200A6AA59 /* LaunchScreen.storyboard */,
				E833102D26A410A200A6AA59 /* Info.plist */,
			);
			path = KPSExample;
			sourceTree = "<group>";
		};
/* End PBXGroup section */

/* Begin PBXHeadersBuildPhase section */
		E8330FFA26A4100E00A6AA59 /* Headers */ = {
			isa = PBXHeadersBuildPhase;
			buildActionMask = 2147483647;
			files = (
				E833101026A4100E00A6AA59 /* KPS.h in Headers */,
			);
			runOnlyForDeploymentPostprocessing = 0;
		};
/* End PBXHeadersBuildPhase section */

/* Begin PBXNativeTarget section */
		E8330FFE26A4100E00A6AA59 /* KPS */ = {
			isa = PBXNativeTarget;
			buildConfigurationList = E833101326A4100E00A6AA59 /* Build configuration list for PBXNativeTarget "KPS" */;
			buildPhases = (
				0F3D33621D6B25D4AAC43852 /* [CP] Check Pods Manifest.lock */,
				E8330FFA26A4100E00A6AA59 /* Headers */,
				E8330FFB26A4100E00A6AA59 /* Sources */,
				E8330FFC26A4100E00A6AA59 /* Frameworks */,
				E8330FFD26A4100E00A6AA59 /* Resources */,
			);
			buildRules = (
			);
			dependencies = (
			);
			name = KPS;
			productName = KPS;
			productReference = E8330FFF26A4100E00A6AA59 /* KPS.framework */;
			productType = "com.apple.product-type.framework";
		};
		E833100726A4100E00A6AA59 /* KPSTests */ = {
			isa = PBXNativeTarget;
			buildConfigurationList = E833101626A4100E00A6AA59 /* Build configuration list for PBXNativeTarget "KPSTests" */;
			buildPhases = (
				29DF9E280A8D6E4168C5A71E /* [CP] Check Pods Manifest.lock */,
				E833100426A4100E00A6AA59 /* Sources */,
				E833100526A4100E00A6AA59 /* Frameworks */,
				E833100626A4100E00A6AA59 /* Resources */,
			);
			buildRules = (
			);
			dependencies = (
				E833100B26A4100E00A6AA59 /* PBXTargetDependency */,
			);
			name = KPSTests;
			productName = KPSTests;
			productReference = E833100826A4100E00A6AA59 /* KPSTests.xctest */;
			productType = "com.apple.product-type.bundle.unit-test";
		};
		E833101C26A410A000A6AA59 /* KPSExample */ = {
			isa = PBXNativeTarget;
			buildConfigurationList = E833102E26A410A200A6AA59 /* Build configuration list for PBXNativeTarget "KPSExample" */;
			buildPhases = (
				E833101926A410A000A6AA59 /* Sources */,
				E833101A26A410A000A6AA59 /* Frameworks */,
				E833101B26A410A000A6AA59 /* Resources */,
			);
			buildRules = (
			);
			dependencies = (
			);
			name = KPSExample;
			productName = KPSExample;
			productReference = E833101D26A410A000A6AA59 /* KPSExample.app */;
			productType = "com.apple.product-type.application";
		};
/* End PBXNativeTarget section */

/* Begin PBXProject section */
		E8330FF626A4100E00A6AA59 /* Project object */ = {
			isa = PBXProject;
			attributes = {
				LastSwiftUpdateCheck = 1250;
				LastUpgradeCheck = 1250;
				TargetAttributes = {
					E8330FFE26A4100E00A6AA59 = {
						CreatedOnToolsVersion = 12.5.1;
						LastSwiftMigration = 1250;
					};
					E833100726A4100E00A6AA59 = {
						CreatedOnToolsVersion = 12.5.1;
					};
					E833101C26A410A000A6AA59 = {
						CreatedOnToolsVersion = 12.5.1;
					};
				};
			};
			buildConfigurationList = E8330FF926A4100E00A6AA59 /* Build configuration list for PBXProject "KPS" */;
			compatibilityVersion = "Xcode 9.3";
			developmentRegion = en;
			hasScannedForEncodings = 0;
			knownRegions = (
				en,
				Base,
			);
			mainGroup = E8330FF526A4100E00A6AA59;
			productRefGroup = E833100026A4100E00A6AA59 /* Products */;
			projectDirPath = "";
			projectRoot = "";
			targets = (
				E8330FFE26A4100E00A6AA59 /* KPS */,
				E833100726A4100E00A6AA59 /* KPSTests */,
				E833101C26A410A000A6AA59 /* KPSExample */,
			);
		};
/* End PBXProject section */

/* Begin PBXResourcesBuildPhase section */
		E8330FFD26A4100E00A6AA59 /* Resources */ = {
			isa = PBXResourcesBuildPhase;
			buildActionMask = 2147483647;
			files = (
			);
			runOnlyForDeploymentPostprocessing = 0;
		};
		E833100626A4100E00A6AA59 /* Resources */ = {
			isa = PBXResourcesBuildPhase;
			buildActionMask = 2147483647;
			files = (
			);
			runOnlyForDeploymentPostprocessing = 0;
		};
		E833101B26A410A000A6AA59 /* Resources */ = {
			isa = PBXResourcesBuildPhase;
			buildActionMask = 2147483647;
			files = (
				E833102C26A410A200A6AA59 /* LaunchScreen.storyboard in Resources */,
				E833102926A410A200A6AA59 /* Assets.xcassets in Resources */,
				E833102726A410A000A6AA59 /* Main.storyboard in Resources */,
			);
			runOnlyForDeploymentPostprocessing = 0;
		};
/* End PBXResourcesBuildPhase section */

/* Begin PBXShellScriptBuildPhase section */
		0F3D33621D6B25D4AAC43852 /* [CP] Check Pods Manifest.lock */ = {
			isa = PBXShellScriptBuildPhase;
			buildActionMask = 2147483647;
			files = (
			);
			inputFileListPaths = (
			);
			inputPaths = (
				"${PODS_PODFILE_DIR_PATH}/Podfile.lock",
				"${PODS_ROOT}/Manifest.lock",
			);
			name = "[CP] Check Pods Manifest.lock";
			outputFileListPaths = (
			);
			outputPaths = (
				"$(DERIVED_FILE_DIR)/Pods-KPS-checkManifestLockResult.txt",
			);
			runOnlyForDeploymentPostprocessing = 0;
			shellPath = /bin/sh;
			shellScript = "diff \"${PODS_PODFILE_DIR_PATH}/Podfile.lock\" \"${PODS_ROOT}/Manifest.lock\" > /dev/null\nif [ $? != 0 ] ; then\n    # print error to STDERR\n    echo \"error: The sandbox is not in sync with the Podfile.lock. Run 'pod install' or update your CocoaPods installation.\" >&2\n    exit 1\nfi\n# This output is used by Xcode 'outputs' to avoid re-running this script phase.\necho \"SUCCESS\" > \"${SCRIPT_OUTPUT_FILE_0}\"\n";
			showEnvVarsInLog = 0;
		};
		29DF9E280A8D6E4168C5A71E /* [CP] Check Pods Manifest.lock */ = {
			isa = PBXShellScriptBuildPhase;
			buildActionMask = 2147483647;
			files = (
			);
			inputFileListPaths = (
			);
			inputPaths = (
				"${PODS_PODFILE_DIR_PATH}/Podfile.lock",
				"${PODS_ROOT}/Manifest.lock",
			);
			name = "[CP] Check Pods Manifest.lock";
			outputFileListPaths = (
			);
			outputPaths = (
				"$(DERIVED_FILE_DIR)/Pods-KPSTests-checkManifestLockResult.txt",
			);
			runOnlyForDeploymentPostprocessing = 0;
			shellPath = /bin/sh;
			shellScript = "diff \"${PODS_PODFILE_DIR_PATH}/Podfile.lock\" \"${PODS_ROOT}/Manifest.lock\" > /dev/null\nif [ $? != 0 ] ; then\n    # print error to STDERR\n    echo \"error: The sandbox is not in sync with the Podfile.lock. Run 'pod install' or update your CocoaPods installation.\" >&2\n    exit 1\nfi\n# This output is used by Xcode 'outputs' to avoid re-running this script phase.\necho \"SUCCESS\" > \"${SCRIPT_OUTPUT_FILE_0}\"\n";
			showEnvVarsInLog = 0;
		};
/* End PBXShellScriptBuildPhase section */

/* Begin PBXSourcesBuildPhase section */
		E8330FFB26A4100E00A6AA59 /* Sources */ = {
			isa = PBXSourcesBuildPhase;
			buildActionMask = 2147483647;
			files = (
				E833103226A417CC00A6AA59 /* KPSUtility.swift in Sources */,
			);
			runOnlyForDeploymentPostprocessing = 0;
		};
		E833100426A4100E00A6AA59 /* Sources */ = {
			isa = PBXSourcesBuildPhase;
			buildActionMask = 2147483647;
			files = (
				E833103526A417F800A6AA59 /* KPSUtilityTest.swift in Sources */,
				E833100E26A4100E00A6AA59 /* KPSTests.swift in Sources */,
				E833103326A417CC00A6AA59 /* KPSUtility.swift in Sources */,
			);
			runOnlyForDeploymentPostprocessing = 0;
		};
		E833101926A410A000A6AA59 /* Sources */ = {
			isa = PBXSourcesBuildPhase;
			buildActionMask = 2147483647;
			files = (
				E833102426A410A000A6AA59 /* ViewController.swift in Sources */,
				E833102026A410A000A6AA59 /* AppDelegate.swift in Sources */,
				E833102226A410A000A6AA59 /* SceneDelegate.swift in Sources */,
			);
			runOnlyForDeploymentPostprocessing = 0;
		};
/* End PBXSourcesBuildPhase section */

/* Begin PBXTargetDependency section */
		E833100B26A4100E00A6AA59 /* PBXTargetDependency */ = {
			isa = PBXTargetDependency;
			target = E8330FFE26A4100E00A6AA59 /* KPS */;
			targetProxy = E833100A26A4100E00A6AA59 /* PBXContainerItemProxy */;
		};
/* End PBXTargetDependency section */

/* Begin PBXVariantGroup section */
		E833102526A410A000A6AA59 /* Main.storyboard */ = {
			isa = PBXVariantGroup;
			children = (
				E833102626A410A000A6AA59 /* Base */,
			);
			name = Main.storyboard;
			sourceTree = "<group>";
		};
		E833102A26A410A200A6AA59 /* LaunchScreen.storyboard */ = {
			isa = PBXVariantGroup;
			children = (
				E833102B26A410A200A6AA59 /* Base */,
			);
			name = LaunchScreen.storyboard;
			sourceTree = "<group>";
		};
/* End PBXVariantGroup section */

/* Begin XCBuildConfiguration section */
		E833101126A4100E00A6AA59 /* Debug */ = {
			isa = XCBuildConfiguration;
			buildSettings = {
				ALWAYS_SEARCH_USER_PATHS = NO;
				CLANG_ANALYZER_NONNULL = YES;
				CLANG_ANALYZER_NUMBER_OBJECT_CONVERSION = YES_AGGRESSIVE;
				CLANG_CXX_LANGUAGE_STANDARD = "gnu++14";
				CLANG_CXX_LIBRARY = "libc++";
				CLANG_ENABLE_MODULES = YES;
				CLANG_ENABLE_OBJC_ARC = YES;
				CLANG_ENABLE_OBJC_WEAK = YES;
				CLANG_WARN_BLOCK_CAPTURE_AUTORELEASING = YES;
				CLANG_WARN_BOOL_CONVERSION = YES;
				CLANG_WARN_COMMA = YES;
				CLANG_WARN_CONSTANT_CONVERSION = YES;
				CLANG_WARN_DEPRECATED_OBJC_IMPLEMENTATIONS = YES;
				CLANG_WARN_DIRECT_OBJC_ISA_USAGE = YES_ERROR;
				CLANG_WARN_DOCUMENTATION_COMMENTS = YES;
				CLANG_WARN_EMPTY_BODY = YES;
				CLANG_WARN_ENUM_CONVERSION = YES;
				CLANG_WARN_INFINITE_RECURSION = YES;
				CLANG_WARN_INT_CONVERSION = YES;
				CLANG_WARN_NON_LITERAL_NULL_CONVERSION = YES;
				CLANG_WARN_OBJC_IMPLICIT_RETAIN_SELF = YES;
				CLANG_WARN_OBJC_LITERAL_CONVERSION = YES;
				CLANG_WARN_OBJC_ROOT_CLASS = YES_ERROR;
				CLANG_WARN_QUOTED_INCLUDE_IN_FRAMEWORK_HEADER = YES;
				CLANG_WARN_RANGE_LOOP_ANALYSIS = YES;
				CLANG_WARN_STRICT_PROTOTYPES = YES;
				CLANG_WARN_SUSPICIOUS_MOVE = YES;
				CLANG_WARN_UNGUARDED_AVAILABILITY = YES_AGGRESSIVE;
				CLANG_WARN_UNREACHABLE_CODE = YES;
				CLANG_WARN__DUPLICATE_METHOD_MATCH = YES;
				COPY_PHASE_STRIP = NO;
				CURRENT_PROJECT_VERSION = 1;
				DEBUG_INFORMATION_FORMAT = dwarf;
				ENABLE_STRICT_OBJC_MSGSEND = YES;
				ENABLE_TESTABILITY = YES;
				GCC_C_LANGUAGE_STANDARD = gnu11;
				GCC_DYNAMIC_NO_PIC = NO;
				GCC_NO_COMMON_BLOCKS = YES;
				GCC_OPTIMIZATION_LEVEL = 0;
				GCC_PREPROCESSOR_DEFINITIONS = (
					"DEBUG=1",
					"$(inherited)",
				);
				GCC_WARN_64_TO_32_BIT_CONVERSION = YES;
				GCC_WARN_ABOUT_RETURN_TYPE = YES_ERROR;
				GCC_WARN_UNDECLARED_SELECTOR = YES;
				GCC_WARN_UNINITIALIZED_AUTOS = YES_AGGRESSIVE;
				GCC_WARN_UNUSED_FUNCTION = YES;
				GCC_WARN_UNUSED_VARIABLE = YES;
				IPHONEOS_DEPLOYMENT_TARGET = 14.5;
				MTL_ENABLE_DEBUG_INFO = INCLUDE_SOURCE;
				MTL_FAST_MATH = YES;
				ONLY_ACTIVE_ARCH = YES;
				SDKROOT = iphoneos;
				SWIFT_ACTIVE_COMPILATION_CONDITIONS = DEBUG;
				SWIFT_OPTIMIZATION_LEVEL = "-Onone";
				VERSIONING_SYSTEM = "apple-generic";
				VERSION_INFO_PREFIX = "";
			};
			name = Debug;
		};
		E833101226A4100E00A6AA59 /* Release */ = {
			isa = XCBuildConfiguration;
			buildSettings = {
				ALWAYS_SEARCH_USER_PATHS = NO;
				CLANG_ANALYZER_NONNULL = YES;
				CLANG_ANALYZER_NUMBER_OBJECT_CONVERSION = YES_AGGRESSIVE;
				CLANG_CXX_LANGUAGE_STANDARD = "gnu++14";
				CLANG_CXX_LIBRARY = "libc++";
				CLANG_ENABLE_MODULES = YES;
				CLANG_ENABLE_OBJC_ARC = YES;
				CLANG_ENABLE_OBJC_WEAK = YES;
				CLANG_WARN_BLOCK_CAPTURE_AUTORELEASING = YES;
				CLANG_WARN_BOOL_CONVERSION = YES;
				CLANG_WARN_COMMA = YES;
				CLANG_WARN_CONSTANT_CONVERSION = YES;
				CLANG_WARN_DEPRECATED_OBJC_IMPLEMENTATIONS = YES;
				CLANG_WARN_DIRECT_OBJC_ISA_USAGE = YES_ERROR;
				CLANG_WARN_DOCUMENTATION_COMMENTS = YES;
				CLANG_WARN_EMPTY_BODY = YES;
				CLANG_WARN_ENUM_CONVERSION = YES;
				CLANG_WARN_INFINITE_RECURSION = YES;
				CLANG_WARN_INT_CONVERSION = YES;
				CLANG_WARN_NON_LITERAL_NULL_CONVERSION = YES;
				CLANG_WARN_OBJC_IMPLICIT_RETAIN_SELF = YES;
				CLANG_WARN_OBJC_LITERAL_CONVERSION = YES;
				CLANG_WARN_OBJC_ROOT_CLASS = YES_ERROR;
				CLANG_WARN_QUOTED_INCLUDE_IN_FRAMEWORK_HEADER = YES;
				CLANG_WARN_RANGE_LOOP_ANALYSIS = YES;
				CLANG_WARN_STRICT_PROTOTYPES = YES;
				CLANG_WARN_SUSPICIOUS_MOVE = YES;
				CLANG_WARN_UNGUARDED_AVAILABILITY = YES_AGGRESSIVE;
				CLANG_WARN_UNREACHABLE_CODE = YES;
				CLANG_WARN__DUPLICATE_METHOD_MATCH = YES;
				COPY_PHASE_STRIP = NO;
				CURRENT_PROJECT_VERSION = 1;
				DEBUG_INFORMATION_FORMAT = "dwarf-with-dsym";
				ENABLE_NS_ASSERTIONS = NO;
				ENABLE_STRICT_OBJC_MSGSEND = YES;
				GCC_C_LANGUAGE_STANDARD = gnu11;
				GCC_NO_COMMON_BLOCKS = YES;
				GCC_WARN_64_TO_32_BIT_CONVERSION = YES;
				GCC_WARN_ABOUT_RETURN_TYPE = YES_ERROR;
				GCC_WARN_UNDECLARED_SELECTOR = YES;
				GCC_WARN_UNINITIALIZED_AUTOS = YES_AGGRESSIVE;
				GCC_WARN_UNUSED_FUNCTION = YES;
				GCC_WARN_UNUSED_VARIABLE = YES;
				IPHONEOS_DEPLOYMENT_TARGET = 14.5;
				MTL_ENABLE_DEBUG_INFO = NO;
				MTL_FAST_MATH = YES;
				SDKROOT = iphoneos;
				SWIFT_COMPILATION_MODE = wholemodule;
				SWIFT_OPTIMIZATION_LEVEL = "-O";
				VALIDATE_PRODUCT = YES;
				VERSIONING_SYSTEM = "apple-generic";
				VERSION_INFO_PREFIX = "";
			};
			name = Release;
		};
		E833101426A4100E00A6AA59 /* Debug */ = {
			isa = XCBuildConfiguration;
			baseConfigurationReference = B1B1F3A83BAAA5F378116184 /* Pods-KPS.debug.xcconfig */;
			buildSettings = {
				CLANG_ENABLE_MODULES = YES;
				CODE_SIGN_STYLE = Automatic;
				DEFINES_MODULE = YES;
				DEVELOPMENT_TEAM = KSFL9L3S98;
				DYLIB_COMPATIBILITY_VERSION = 1;
				DYLIB_CURRENT_VERSION = 1;
				DYLIB_INSTALL_NAME_BASE = "@rpath";
				INFOPLIST_FILE = KPS/Info.plist;
				INSTALL_PATH = "$(LOCAL_LIBRARY_DIR)/Frameworks";
				LD_RUNPATH_SEARCH_PATHS = (
					"$(inherited)",
					"@executable_path/Frameworks",
					"@loader_path/Frameworks",
				);
				PRODUCT_BUNDLE_IDENTIFIER = com.thekono.KPS;
				PRODUCT_NAME = "$(TARGET_NAME:c99extidentifier)";
				SKIP_INSTALL = YES;
				SWIFT_OPTIMIZATION_LEVEL = "-Onone";
				SWIFT_VERSION = 4.2;
				TARGETED_DEVICE_FAMILY = "1,2";
			};
			name = Debug;
		};
		E833101526A4100E00A6AA59 /* Release */ = {
			isa = XCBuildConfiguration;
			baseConfigurationReference = 884A072A2B934E70F2DC37B1 /* Pods-KPS.release.xcconfig */;
			buildSettings = {
				CLANG_ENABLE_MODULES = YES;
				CODE_SIGN_STYLE = Automatic;
				DEFINES_MODULE = YES;
				DEVELOPMENT_TEAM = KSFL9L3S98;
				DYLIB_COMPATIBILITY_VERSION = 1;
				DYLIB_CURRENT_VERSION = 1;
				DYLIB_INSTALL_NAME_BASE = "@rpath";
				INFOPLIST_FILE = KPS/Info.plist;
				INSTALL_PATH = "$(LOCAL_LIBRARY_DIR)/Frameworks";
				LD_RUNPATH_SEARCH_PATHS = (
					"$(inherited)",
					"@executable_path/Frameworks",
					"@loader_path/Frameworks",
				);
				PRODUCT_BUNDLE_IDENTIFIER = com.thekono.KPS;
				PRODUCT_NAME = "$(TARGET_NAME:c99extidentifier)";
				SKIP_INSTALL = YES;
				SWIFT_VERSION = 4.2;
				TARGETED_DEVICE_FAMILY = "1,2";
			};
			name = Release;
		};
		E833101726A4100E00A6AA59 /* Debug */ = {
			isa = XCBuildConfiguration;
			baseConfigurationReference = AD706920647B740C3155C11F /* Pods-KPSTests.debug.xcconfig */;
			buildSettings = {
				ALWAYS_EMBED_SWIFT_STANDARD_LIBRARIES = YES;
				CODE_SIGN_STYLE = Automatic;
				DEVELOPMENT_TEAM = KSFL9L3S98;
				INFOPLIST_FILE = KPSTests/Info.plist;
				LD_RUNPATH_SEARCH_PATHS = (
					"$(inherited)",
					"@executable_path/Frameworks",
					"@loader_path/Frameworks",
				);
				PRODUCT_BUNDLE_IDENTIFIER = com.thekono.KPSTests;
				PRODUCT_NAME = "$(TARGET_NAME)";
				SWIFT_VERSION = 5.0;
				TARGETED_DEVICE_FAMILY = "1,2";
			};
			name = Debug;
		};
		E833101826A4100E00A6AA59 /* Release */ = {
			isa = XCBuildConfiguration;
			baseConfigurationReference = A66D57C2677888A955154D08 /* Pods-KPSTests.release.xcconfig */;
			buildSettings = {
				ALWAYS_EMBED_SWIFT_STANDARD_LIBRARIES = YES;
				CODE_SIGN_STYLE = Automatic;
				DEVELOPMENT_TEAM = KSFL9L3S98;
				INFOPLIST_FILE = KPSTests/Info.plist;
				LD_RUNPATH_SEARCH_PATHS = (
					"$(inherited)",
					"@executable_path/Frameworks",
					"@loader_path/Frameworks",
				);
				PRODUCT_BUNDLE_IDENTIFIER = com.thekono.KPSTests;
				PRODUCT_NAME = "$(TARGET_NAME)";
				SWIFT_VERSION = 5.0;
				TARGETED_DEVICE_FAMILY = "1,2";
			};
			name = Release;
		};
		E833102F26A410A200A6AA59 /* Debug */ = {
			isa = XCBuildConfiguration;
			buildSettings = {
				ASSETCATALOG_COMPILER_APPICON_NAME = AppIcon;
				ASSETCATALOG_COMPILER_GLOBAL_ACCENT_COLOR_NAME = AccentColor;
				CODE_SIGN_STYLE = Automatic;
				DEVELOPMENT_TEAM = KSFL9L3S98;
				INFOPLIST_FILE = KPSExample/Info.plist;
				LD_RUNPATH_SEARCH_PATHS = (
					"$(inherited)",
					"@executable_path/Frameworks",
				);
				PRODUCT_BUNDLE_IDENTIFIER = com.thekono.KPSExample;
				PRODUCT_NAME = "$(TARGET_NAME)";
				SWIFT_VERSION = 5.0;
				TARGETED_DEVICE_FAMILY = "1,2";
			};
			name = Debug;
		};
		E833103026A410A200A6AA59 /* Release */ = {
			isa = XCBuildConfiguration;
			buildSettings = {
				ASSETCATALOG_COMPILER_APPICON_NAME = AppIcon;
				ASSETCATALOG_COMPILER_GLOBAL_ACCENT_COLOR_NAME = AccentColor;
				CODE_SIGN_STYLE = Automatic;
				DEVELOPMENT_TEAM = KSFL9L3S98;
				INFOPLIST_FILE = KPSExample/Info.plist;
				LD_RUNPATH_SEARCH_PATHS = (
					"$(inherited)",
					"@executable_path/Frameworks",
				);
				PRODUCT_BUNDLE_IDENTIFIER = com.thekono.KPSExample;
				PRODUCT_NAME = "$(TARGET_NAME)";
				SWIFT_VERSION = 5.0;
				TARGETED_DEVICE_FAMILY = "1,2";
			};
			name = Release;
		};
/* End XCBuildConfiguration section */

/* Begin XCConfigurationList section */
		E8330FF926A4100E00A6AA59 /* Build configuration list for PBXProject "KPS" */ = {
			isa = XCConfigurationList;
			buildConfigurations = (
				E833101126A4100E00A6AA59 /* Debug */,
				E833101226A4100E00A6AA59 /* Release */,
			);
			defaultConfigurationIsVisible = 0;
			defaultConfigurationName = Release;
		};
		E833101326A4100E00A6AA59 /* Build configuration list for PBXNativeTarget "KPS" */ = {
			isa = XCConfigurationList;
			buildConfigurations = (
				E833101426A4100E00A6AA59 /* Debug */,
				E833101526A4100E00A6AA59 /* Release */,
			);
			defaultConfigurationIsVisible = 0;
			defaultConfigurationName = Release;
		};
		E833101626A4100E00A6AA59 /* Build configuration list for PBXNativeTarget "KPSTests" */ = {
			isa = XCConfigurationList;
			buildConfigurations = (
				E833101726A4100E00A6AA59 /* Debug */,
				E833101826A4100E00A6AA59 /* Release */,
			);
			defaultConfigurationIsVisible = 0;
			defaultConfigurationName = Release;
		};
		E833102E26A410A200A6AA59 /* Build configuration list for PBXNativeTarget "KPSExample" */ = {
			isa = XCConfigurationList;
			buildConfigurations = (
				E833102F26A410A200A6AA59 /* Debug */,
				E833103026A410A200A6AA59 /* Release */,
			);
			defaultConfigurationIsVisible = 0;
			defaultConfigurationName = Release;
		};
/* End XCConfigurationList section */
	};
	rootObject = E8330FF626A4100E00A6AA59 /* Project object */;
}
