// !$*UTF8*$!
{
	archiveVersion = 1;
	classes = {
	};
	objectVersion = 51;
	objects = {

/* Begin PBXBuildFile section */
		C2E82FE58B8F9BF98685E74B /* Pods_KPS_KPSTests.framework in Frameworks */ = {isa = PBXBuildFile; fileRef = 5BAE52B314AE2D8F2390C9C7 /* Pods_KPS_KPSTests.framework */; };
		E833100926A4100E00A6AA59 /* KPS.framework in Frameworks */ = {isa = PBXBuildFile; fileRef = E8330FFF26A4100E00A6AA59 /* KPS.framework */; };
		E833101026A4100E00A6AA59 /* KPS.h in Headers */ = {isa = PBXBuildFile; fileRef = E833100226A4100E00A6AA59 /* KPS.h */; settings = {ATTRIBUTES = (Public, ); }; };
		E833103226A417CC00A6AA59 /* KPSUtility.swift in Sources */ = {isa = PBXBuildFile; fileRef = E833103126A417CC00A6AA59 /* KPSUtility.swift */; };
		E833103326A417CC00A6AA59 /* KPSUtility.swift in Sources */ = {isa = PBXBuildFile; fileRef = E833103126A417CC00A6AA59 /* KPSUtility.swift */; };
		E833103526A417F800A6AA59 /* KPSUtilityTest.swift in Sources */ = {isa = PBXBuildFile; fileRef = E833103426A417F800A6AA59 /* KPSUtilityTest.swift */; };
		E833103826AAAE1D00A6AA59 /* KPSClient.swift in Sources */ = {isa = PBXBuildFile; fileRef = E833103726AAAE1D00A6AA59 /* KPSClient.swift */; };
		E833103C26AAB60800A6AA59 /* CoreAPIService.swift in Sources */ = {isa = PBXBuildFile; fileRef = E833103B26AAB60800A6AA59 /* CoreAPIService.swift */; };
		E833105226AB0A4500A6AA59 /* LoginResponse.swift in Sources */ = {isa = PBXBuildFile; fileRef = E833105126AB0A4500A6AA59 /* LoginResponse.swift */; };
		E833105B26AC634B00A6AA59 /* Pods_KPS.framework in Frameworks */ = {isa = PBXBuildFile; fileRef = E3AEEF5E789FDC4CF50D8D15 /* Pods_KPS.framework */; };
		E833108B26B3B0F100A6AA59 /* Codable+Extension.swift in Sources */ = {isa = PBXBuildFile; fileRef = E833108A26B3B0F100A6AA59 /* Codable+Extension.swift */; };
		E833109326B44C1B00A6AA59 /* KPSClientTests.swift in Sources */ = {isa = PBXBuildFile; fileRef = E833109226B44C1B00A6AA59 /* KPSClientTests.swift */; };
		E83310A526B53EB400A6AA59 /* Bundle+Extension.swift in Sources */ = {isa = PBXBuildFile; fileRef = E83310A426B53EB400A6AA59 /* Bundle+Extension.swift */; };
		E845AD7727E4876700A3DC49 /* KPSPurchaseReceiptManager.swift in Sources */ = {isa = PBXBuildFile; fileRef = E845AD7627E4876700A3DC49 /* KPSPurchaseReceiptManager.swift */; };
		E845AD7A27E4907300A3DC49 /* AppleReceiptBuilder.swift in Sources */ = {isa = PBXBuildFile; fileRef = E845AD7927E4907300A3DC49 /* AppleReceiptBuilder.swift */; };
		E845AD7C27E490BD00A3DC49 /* ASN1ContainerBuilder.swift in Sources */ = {isa = PBXBuildFile; fileRef = E845AD7B27E490BD00A3DC49 /* ASN1ContainerBuilder.swift */; };
		E845AD7E27E4910700A3DC49 /* InAppPurchaseBuilder.swift in Sources */ = {isa = PBXBuildFile; fileRef = E845AD7D27E4910700A3DC49 /* InAppPurchaseBuilder.swift */; };
		E845AD8127E4917600A3DC49 /* ASN1Container.swift in Sources */ = {isa = PBXBuildFile; fileRef = E845AD8027E4917600A3DC49 /* ASN1Container.swift */; };
		E845AD8327E4919300A3DC49 /* AppleReceipt.swift in Sources */ = {isa = PBXBuildFile; fileRef = E845AD8227E4919300A3DC49 /* AppleReceipt.swift */; };
		E845AD8527E491EB00A3DC49 /* InAppPurchase.swift in Sources */ = {isa = PBXBuildFile; fileRef = E845AD8427E491EB00A3DC49 /* InAppPurchase.swift */; };
		E845AD8827E4923F00A3DC49 /* ASN1ObjectIdentifierBuilder.swift in Sources */ = {isa = PBXBuildFile; fileRef = E845AD8727E4923F00A3DC49 /* ASN1ObjectIdentifierBuilder.swift */; };
		E845AD8A27E4927700A3DC49 /* ReceiptParser.swift in Sources */ = {isa = PBXBuildFile; fileRef = E845AD8927E4927700A3DC49 /* ReceiptParser.swift */; };
		E845AD8C27E492AE00A3DC49 /* ReceiptParsingError.swift in Sources */ = {isa = PBXBuildFile; fileRef = E845AD8B27E492AE00A3DC49 /* ReceiptParsingError.swift */; };
		E845AD8E27E4930400A3DC49 /* ASN1ObjectIdentifier.swift in Sources */ = {isa = PBXBuildFile; fileRef = E845AD8D27E4930400A3DC49 /* ASN1ObjectIdentifier.swift */; };
		E845AD9127E4938100A3DC49 /* ArraySlice_UInt8+Extensions.swift in Sources */ = {isa = PBXBuildFile; fileRef = E845AD9027E4938100A3DC49 /* ArraySlice_UInt8+Extensions.swift */; };
		E845AD9327E493AB00A3DC49 /* UInt8+Extensions.swift in Sources */ = {isa = PBXBuildFile; fileRef = E845AD9227E493AB00A3DC49 /* UInt8+Extensions.swift */; };
		E845AD9527E4945600A3DC49 /* FoundationExtensions.swift in Sources */ = {isa = PBXBuildFile; fileRef = E845AD9427E4945600A3DC49 /* FoundationExtensions.swift */; };
		E855722B27E0D13F00C9F8C0 /* PurchaseAPIService.swift in Sources */ = {isa = PBXBuildFile; fileRef = E855722A27E0D13F00C9F8C0 /* PurchaseAPIService.swift */; };
		E85FAB78275A3152006418CD /* KPS-iOS.podspec in Resources */ = {isa = PBXBuildFile; fileRef = E85FAB77275A3152006418CD /* KPS-iOS.podspec */; };
		E88396C426ECF16F00B9C9F7 /* KPSContentMeta.swift in Sources */ = {isa = PBXBuildFile; fileRef = E88396C326ECF16F00B9C9F7 /* KPSContentMeta.swift */; };
		E88396C626ECF76800B9C9F7 /* KPSCollection.swift in Sources */ = {isa = PBXBuildFile; fileRef = E88396C526ECF76800B9C9F7 /* KPSCollection.swift */; };
		E88396C826ECFACC00B9C9F7 /* KPSImageResource.swift in Sources */ = {isa = PBXBuildFile; fileRef = E88396C726ECFACC00B9C9F7 /* KPSImageResource.swift */; };
		E8855FA3280D69000067CA09 /* KPSPurchaseDelegateMock.swift in Sources */ = {isa = PBXBuildFile; fileRef = E8855FA2280D69000067CA09 /* KPSPurchaseDelegateMock.swift */; };
		E8855FA8281599960067CA09 /* AuthAPIService.swift in Sources */ = {isa = PBXBuildFile; fileRef = E8855FA7281599960067CA09 /* AuthAPIService.swift */; };
		E8855FAA28159C180067CA09 /* KPSAuth.swift in Sources */ = {isa = PBXBuildFile; fileRef = E8855FA928159C180067CA09 /* KPSAuth.swift */; };
		E889A98E28055C1F00E3718C /* KPSPurchaseTransaction.swift in Sources */ = {isa = PBXBuildFile; fileRef = E889A98D28055C1F00E3718C /* KPSPurchaseTransaction.swift */; };
		E889A990280561FE00E3718C /* KPSPurchaseOrder.swift in Sources */ = {isa = PBXBuildFile; fileRef = E889A98F280561FE00E3718C /* KPSPurchaseOrder.swift */; };
		E889A992280563AE00E3718C /* ActiveOrderResponse.swift in Sources */ = {isa = PBXBuildFile; fileRef = E889A991280563AE00E3718C /* ActiveOrderResponse.swift */; };
		E889A9942805657600E3718C /* TransactionResponse.swift in Sources */ = {isa = PBXBuildFile; fileRef = E889A9932805657600E3718C /* TransactionResponse.swift */; };
		E889A9962805CF4900E3718C /* KPSPurchaseTests.swift in Sources */ = {isa = PBXBuildFile; fileRef = E889A9952805CF4900E3718C /* KPSPurchaseTests.swift */; };
		E889A9A1280670A900E3718C /* previewArticleContent.json in Resources */ = {isa = PBXBuildFile; fileRef = E889A997280670A900E3718C /* previewArticleContent.json */; };
		E889A9A2280670A900E3718C /* folderContent.json in Resources */ = {isa = PBXBuildFile; fileRef = E889A998280670A900E3718C /* folderContent.json */; };
		E889A9A3280670A900E3718C /* activeOrders.json in Resources */ = {isa = PBXBuildFile; fileRef = E889A999280670A900E3718C /* activeOrders.json */; };
		E889A9A4280670A900E3718C /* audioContentWithWordTime.json in Resources */ = {isa = PBXBuildFile; fileRef = E889A99A280670A900E3718C /* audioContentWithWordTime.json */; };
		E889A9A5280670A900E3718C /* audioContent.json in Resources */ = {isa = PBXBuildFile; fileRef = E889A99B280670A900E3718C /* audioContent.json */; };
		E889A9A6280670A900E3718C /* rootCollection.json in Resources */ = {isa = PBXBuildFile; fileRef = E889A99C280670A900E3718C /* rootCollection.json */; };
		E889A9A7280670A900E3718C /* audioContentWithoutPermission.json in Resources */ = {isa = PBXBuildFile; fileRef = E889A99D280670A900E3718C /* audioContentWithoutPermission.json */; };
		E889A9A8280670A900E3718C /* userPermission.json in Resources */ = {isa = PBXBuildFile; fileRef = E889A99E280670A900E3718C /* userPermission.json */; };
		E889A9A9280670A900E3718C /* articleContent.json in Resources */ = {isa = PBXBuildFile; fileRef = E889A99F280670A900E3718C /* articleContent.json */; };
		E889A9AA280670A900E3718C /* transactions.json in Resources */ = {isa = PBXBuildFile; fileRef = E889A9A0280670A900E3718C /* transactions.json */; };
		E88C466826CCB034001243F5 /* KPSAudio.swift in Sources */ = {isa = PBXBuildFile; fileRef = E88C466726CCB034001243F5 /* KPSAudio.swift */; };
		E88C466A26CD260C001243F5 /* ThreadSafeArray.swift in Sources */ = {isa = PBXBuildFile; fileRef = E88C466926CD260C001243F5 /* ThreadSafeArray.swift */; };
		E89BC167277D883D001633C5 /* String+Extension.swift in Sources */ = {isa = PBXBuildFile; fileRef = E89BC166277D883D001633C5 /* String+Extension.swift */; };
		E89BC169277DA5FA001633C5 /* KPSClient+Analytic.swift in Sources */ = {isa = PBXBuildFile; fileRef = E89BC168277DA5FA001633C5 /* KPSClient+Analytic.swift */; };
		E89BC16B277DA60C001633C5 /* KPSPlayRecord.swift in Sources */ = {isa = PBXBuildFile; fileRef = E89BC16A277DA60B001633C5 /* KPSPlayRecord.swift */; };
		E8A4C8C026BB869A0082B4F7 /* KPSClient+Media.swift in Sources */ = {isa = PBXBuildFile; fileRef = E8A4C8BF26BB869A0082B4F7 /* KPSClient+Media.swift */; };
		E8A4C8C426BBD6DE0082B4F7 /* IronBacon.mp3 in Resources */ = {isa = PBXBuildFile; fileRef = E8A4C8C326BBD6DE0082B4F7 /* IronBacon.mp3 */; };
		E8A4C8CB26BFD2590082B4F7 /* KPSClientMediaTests.swift in Sources */ = {isa = PBXBuildFile; fileRef = E8A4C8CA26BFD2590082B4F7 /* KPSClientMediaTests.swift */; };
		E8A4C8CE26BFD4500082B4F7 /* KPSClientMediaContentDelegateMock.swift in Sources */ = {isa = PBXBuildFile; fileRef = E8A4C8CD26BFD4500082B4F7 /* KPSClientMediaContentDelegateMock.swift */; };
		E8A4C8D026C11EAC0082B4F7 /* WhatYouWant.mp3 in Resources */ = {isa = PBXBuildFile; fileRef = E8A4C8CF26C11EAC0082B4F7 /* WhatYouWant.mp3 */; };
		E8A4C8D226C186D50082B4F7 /* XCTest+Eventually.swift in Sources */ = {isa = PBXBuildFile; fileRef = E8A4C8D126C186D50082B4F7 /* XCTest+Eventually.swift */; };
		E8A4C8DC26C4B3AE0082B4F7 /* KPSArticle.swift in Sources */ = {isa = PBXBuildFile; fileRef = E8A4C8DB26C4B3AE0082B4F7 /* KPSArticle.swift */; };
		E8E14EFE27D893CE007D6875 /* KPSPurchases.swift in Sources */ = {isa = PBXBuildFile; fileRef = E8E14EFD27D893CE007D6875 /* KPSPurchases.swift */; };
		E8E14F0027D8949D007D6875 /* KPSPurchaseDelegate.swift in Sources */ = {isa = PBXBuildFile; fileRef = E8E14EFF27D8949D007D6875 /* KPSPurchaseDelegate.swift */; };
		E8E14F0427D895AD007D6875 /* Strings.swift in Sources */ = {isa = PBXBuildFile; fileRef = E8E14F0327D895AD007D6875 /* Strings.swift */; };
		E8E14F0627D895FB007D6875 /* PurchaseStrings.swift in Sources */ = {isa = PBXBuildFile; fileRef = E8E14F0527D895FB007D6875 /* PurchaseStrings.swift */; };
		E8E14F0927DB166E007D6875 /* SubscriptionManager.swift in Sources */ = {isa = PBXBuildFile; fileRef = E8E14F0827DB166E007D6875 /* SubscriptionManager.swift */; };
		E8E14F0B27DB1EAC007D6875 /* KPSPurchaseProductManager.swift in Sources */ = {isa = PBXBuildFile; fileRef = E8E14F0A27DB1EAC007D6875 /* KPSPurchaseProductManager.swift */; };
		E8E14F1127DB1EFE007D6875 /* KPSTransactionManager.swift in Sources */ = {isa = PBXBuildFile; fileRef = E8E14F1027DB1EFE007D6875 /* KPSTransactionManager.swift */; };
		E8E14F1327DB22EB007D6875 /* KPSPurchaseItem.swift in Sources */ = {isa = PBXBuildFile; fileRef = E8E14F1227DB22EB007D6875 /* KPSPurchaseItem.swift */; };
		E8E14F1627DB253E007D6875 /* SK1StoreProduct.swift in Sources */ = {isa = PBXBuildFile; fileRef = E8E14F1527DB253E007D6875 /* SK1StoreProduct.swift */; };
		E8E14F1827DB264B007D6875 /* SK2StoreProduct.swift in Sources */ = {isa = PBXBuildFile; fileRef = E8E14F1727DB264B007D6875 /* SK2StoreProduct.swift */; };
		E8E14F1A27DB274E007D6875 /* SubscriptionPeriod.swift in Sources */ = {isa = PBXBuildFile; fileRef = E8E14F1927DB274E007D6875 /* SubscriptionPeriod.swift */; };
		E8E14F1C27DB28BB007D6875 /* StoreProductDiscount.swift in Sources */ = {isa = PBXBuildFile; fileRef = E8E14F1B27DB28BB007D6875 /* StoreProductDiscount.swift */; };
		E8E14F1E27DB2996007D6875 /* SK2StoreProductDiscount.swift in Sources */ = {isa = PBXBuildFile; fileRef = E8E14F1D27DB2996007D6875 /* SK2StoreProductDiscount.swift */; };
		E8E14F2027DB29EA007D6875 /* SK1StoreProductDiscount.swift in Sources */ = {isa = PBXBuildFile; fileRef = E8E14F1F27DB29EA007D6875 /* SK1StoreProductDiscount.swift */; };
		E8E14F2227DF1B77007D6875 /* CustomerInfo.swift in Sources */ = {isa = PBXBuildFile; fileRef = E8E14F2127DF1B77007D6875 /* CustomerInfo.swift */; };
/* End PBXBuildFile section */

/* Begin PBXContainerItemProxy section */
		E833100A26A4100E00A6AA59 /* PBXContainerItemProxy */ = {
			isa = PBXContainerItemProxy;
			containerPortal = E8330FF626A4100E00A6AA59 /* Project object */;
			proxyType = 1;
			remoteGlobalIDString = E8330FFE26A4100E00A6AA59;
			remoteInfo = KPS;
		};
/* End PBXContainerItemProxy section */

/* Begin PBXFileReference section */
		5BAE52B314AE2D8F2390C9C7 /* Pods_KPS_KPSTests.framework */ = {isa = PBXFileReference; explicitFileType = wrapper.framework; includeInIndex = 0; path = Pods_KPS_KPSTests.framework; sourceTree = BUILT_PRODUCTS_DIR; };
		6C1D0C14A13FA98376B32B51 /* Pods-KPS-KPSTests.release.xcconfig */ = {isa = PBXFileReference; includeInIndex = 1; lastKnownFileType = text.xcconfig; name = "Pods-KPS-KPSTests.release.xcconfig"; path = "Target Support Files/Pods-KPS-KPSTests/Pods-KPS-KPSTests.release.xcconfig"; sourceTree = "<group>"; };
		884A072A2B934E70F2DC37B1 /* Pods-KPS.release.xcconfig */ = {isa = PBXFileReference; includeInIndex = 1; lastKnownFileType = text.xcconfig; name = "Pods-KPS.release.xcconfig"; path = "Target Support Files/Pods-KPS/Pods-KPS.release.xcconfig"; sourceTree = "<group>"; };
		B1B1F3A83BAAA5F378116184 /* Pods-KPS.debug.xcconfig */ = {isa = PBXFileReference; includeInIndex = 1; lastKnownFileType = text.xcconfig; name = "Pods-KPS.debug.xcconfig"; path = "Target Support Files/Pods-KPS/Pods-KPS.debug.xcconfig"; sourceTree = "<group>"; };
		E3AEEF5E789FDC4CF50D8D15 /* Pods_KPS.framework */ = {isa = PBXFileReference; explicitFileType = wrapper.framework; includeInIndex = 0; path = Pods_KPS.framework; sourceTree = BUILT_PRODUCTS_DIR; };
		E7DF22ABB67C81660A12B8C6 /* Pods-KPS-KPSTests.debug.xcconfig */ = {isa = PBXFileReference; includeInIndex = 1; lastKnownFileType = text.xcconfig; name = "Pods-KPS-KPSTests.debug.xcconfig"; path = "Target Support Files/Pods-KPS-KPSTests/Pods-KPS-KPSTests.debug.xcconfig"; sourceTree = "<group>"; };
		E8330FFF26A4100E00A6AA59 /* KPS.framework */ = {isa = PBXFileReference; explicitFileType = wrapper.framework; includeInIndex = 0; path = KPS.framework; sourceTree = BUILT_PRODUCTS_DIR; };
		E833100226A4100E00A6AA59 /* KPS.h */ = {isa = PBXFileReference; lastKnownFileType = sourcecode.c.h; path = KPS.h; sourceTree = "<group>"; };
		E833100326A4100E00A6AA59 /* Info.plist */ = {isa = PBXFileReference; lastKnownFileType = text.plist.xml; path = Info.plist; sourceTree = "<group>"; };
		E833100826A4100E00A6AA59 /* KPSTests.xctest */ = {isa = PBXFileReference; explicitFileType = wrapper.cfbundle; includeInIndex = 0; path = KPSTests.xctest; sourceTree = BUILT_PRODUCTS_DIR; };
		E833100F26A4100E00A6AA59 /* Info.plist */ = {isa = PBXFileReference; lastKnownFileType = text.plist.xml; path = Info.plist; sourceTree = "<group>"; };
		E833103126A417CC00A6AA59 /* KPSUtility.swift */ = {isa = PBXFileReference; lastKnownFileType = sourcecode.swift; path = KPSUtility.swift; sourceTree = "<group>"; };
		E833103426A417F800A6AA59 /* KPSUtilityTest.swift */ = {isa = PBXFileReference; lastKnownFileType = sourcecode.swift; path = KPSUtilityTest.swift; sourceTree = "<group>"; };
		E833103726AAAE1D00A6AA59 /* KPSClient.swift */ = {isa = PBXFileReference; lastKnownFileType = sourcecode.swift; path = KPSClient.swift; sourceTree = "<group>"; };
		E833103B26AAB60800A6AA59 /* CoreAPIService.swift */ = {isa = PBXFileReference; lastKnownFileType = sourcecode.swift; path = CoreAPIService.swift; sourceTree = "<group>"; };
		E833103D26AAF83B00A6AA59 /* Alamofire.framework */ = {isa = PBXFileReference; explicitFileType = wrapper.framework; path = Alamofire.framework; sourceTree = BUILT_PRODUCTS_DIR; };
		E833104226AAF96A00A6AA59 /* Alamofire.framework */ = {isa = PBXFileReference; explicitFileType = wrapper.framework; path = Alamofire.framework; sourceTree = BUILT_PRODUCTS_DIR; };
		E833104526AAF97200A6AA59 /* Moya.framework */ = {isa = PBXFileReference; explicitFileType = wrapper.framework; path = Moya.framework; sourceTree = BUILT_PRODUCTS_DIR; };
		E833105126AB0A4500A6AA59 /* LoginResponse.swift */ = {isa = PBXFileReference; lastKnownFileType = sourcecode.swift; path = LoginResponse.swift; sourceTree = "<group>"; };
		E833106426AC65FA00A6AA59 /* KPS_iOS.framework */ = {isa = PBXFileReference; explicitFileType = wrapper.framework; path = KPS_iOS.framework; sourceTree = BUILT_PRODUCTS_DIR; };
		E833108A26B3B0F100A6AA59 /* Codable+Extension.swift */ = {isa = PBXFileReference; fileEncoding = 4; lastKnownFileType = sourcecode.swift; path = "Codable+Extension.swift"; sourceTree = "<group>"; };
		E833109226B44C1B00A6AA59 /* KPSClientTests.swift */ = {isa = PBXFileReference; lastKnownFileType = sourcecode.swift; path = KPSClientTests.swift; sourceTree = "<group>"; };
		E83310A426B53EB400A6AA59 /* Bundle+Extension.swift */ = {isa = PBXFileReference; lastKnownFileType = sourcecode.swift; path = "Bundle+Extension.swift"; sourceTree = "<group>"; };
		E845AD7627E4876700A3DC49 /* KPSPurchaseReceiptManager.swift */ = {isa = PBXFileReference; lastKnownFileType = sourcecode.swift; path = KPSPurchaseReceiptManager.swift; sourceTree = "<group>"; };
		E845AD7927E4907300A3DC49 /* AppleReceiptBuilder.swift */ = {isa = PBXFileReference; lastKnownFileType = sourcecode.swift; path = AppleReceiptBuilder.swift; sourceTree = "<group>"; };
		E845AD7B27E490BD00A3DC49 /* ASN1ContainerBuilder.swift */ = {isa = PBXFileReference; lastKnownFileType = sourcecode.swift; path = ASN1ContainerBuilder.swift; sourceTree = "<group>"; };
		E845AD7D27E4910700A3DC49 /* InAppPurchaseBuilder.swift */ = {isa = PBXFileReference; lastKnownFileType = sourcecode.swift; path = InAppPurchaseBuilder.swift; sourceTree = "<group>"; };
		E845AD8027E4917600A3DC49 /* ASN1Container.swift */ = {isa = PBXFileReference; lastKnownFileType = sourcecode.swift; path = ASN1Container.swift; sourceTree = "<group>"; };
		E845AD8227E4919300A3DC49 /* AppleReceipt.swift */ = {isa = PBXFileReference; lastKnownFileType = sourcecode.swift; path = AppleReceipt.swift; sourceTree = "<group>"; };
		E845AD8427E491EB00A3DC49 /* InAppPurchase.swift */ = {isa = PBXFileReference; lastKnownFileType = sourcecode.swift; path = InAppPurchase.swift; sourceTree = "<group>"; };
		E845AD8727E4923F00A3DC49 /* ASN1ObjectIdentifierBuilder.swift */ = {isa = PBXFileReference; lastKnownFileType = sourcecode.swift; path = ASN1ObjectIdentifierBuilder.swift; sourceTree = "<group>"; };
		E845AD8927E4927700A3DC49 /* ReceiptParser.swift */ = {isa = PBXFileReference; lastKnownFileType = sourcecode.swift; path = ReceiptParser.swift; sourceTree = "<group>"; };
		E845AD8B27E492AE00A3DC49 /* ReceiptParsingError.swift */ = {isa = PBXFileReference; lastKnownFileType = sourcecode.swift; path = ReceiptParsingError.swift; sourceTree = "<group>"; };
		E845AD8D27E4930400A3DC49 /* ASN1ObjectIdentifier.swift */ = {isa = PBXFileReference; lastKnownFileType = sourcecode.swift; path = ASN1ObjectIdentifier.swift; sourceTree = "<group>"; };
		E845AD9027E4938100A3DC49 /* ArraySlice_UInt8+Extensions.swift */ = {isa = PBXFileReference; lastKnownFileType = sourcecode.swift; path = "ArraySlice_UInt8+Extensions.swift"; sourceTree = "<group>"; };
		E845AD9227E493AB00A3DC49 /* UInt8+Extensions.swift */ = {isa = PBXFileReference; lastKnownFileType = sourcecode.swift; path = "UInt8+Extensions.swift"; sourceTree = "<group>"; };
		E845AD9427E4945600A3DC49 /* FoundationExtensions.swift */ = {isa = PBXFileReference; lastKnownFileType = sourcecode.swift; path = FoundationExtensions.swift; sourceTree = "<group>"; };
		E855722A27E0D13F00C9F8C0 /* PurchaseAPIService.swift */ = {isa = PBXFileReference; lastKnownFileType = sourcecode.swift; path = PurchaseAPIService.swift; sourceTree = "<group>"; };
		E85FAB77275A3152006418CD /* KPS-iOS.podspec */ = {isa = PBXFileReference; lastKnownFileType = text; path = "KPS-iOS.podspec"; sourceTree = SOURCE_ROOT; };
		E88396C326ECF16F00B9C9F7 /* KPSContentMeta.swift */ = {isa = PBXFileReference; lastKnownFileType = sourcecode.swift; path = KPSContentMeta.swift; sourceTree = "<group>"; };
		E88396C526ECF76800B9C9F7 /* KPSCollection.swift */ = {isa = PBXFileReference; lastKnownFileType = sourcecode.swift; path = KPSCollection.swift; sourceTree = "<group>"; };
		E88396C726ECFACC00B9C9F7 /* KPSImageResource.swift */ = {isa = PBXFileReference; lastKnownFileType = sourcecode.swift; path = KPSImageResource.swift; sourceTree = "<group>"; };
		E8855FA2280D69000067CA09 /* KPSPurchaseDelegateMock.swift */ = {isa = PBXFileReference; lastKnownFileType = sourcecode.swift; path = KPSPurchaseDelegateMock.swift; sourceTree = "<group>"; };
		E8855FA7281599960067CA09 /* AuthAPIService.swift */ = {isa = PBXFileReference; lastKnownFileType = sourcecode.swift; path = AuthAPIService.swift; sourceTree = "<group>"; };
		E8855FA928159C180067CA09 /* KPSAuth.swift */ = {isa = PBXFileReference; lastKnownFileType = sourcecode.swift; path = KPSAuth.swift; sourceTree = "<group>"; };
		E889A98D28055C1F00E3718C /* KPSPurchaseTransaction.swift */ = {isa = PBXFileReference; lastKnownFileType = sourcecode.swift; path = KPSPurchaseTransaction.swift; sourceTree = "<group>"; };
		E889A98F280561FE00E3718C /* KPSPurchaseOrder.swift */ = {isa = PBXFileReference; lastKnownFileType = sourcecode.swift; path = KPSPurchaseOrder.swift; sourceTree = "<group>"; };
		E889A991280563AE00E3718C /* ActiveOrderResponse.swift */ = {isa = PBXFileReference; lastKnownFileType = sourcecode.swift; path = ActiveOrderResponse.swift; sourceTree = "<group>"; };
		E889A9932805657600E3718C /* TransactionResponse.swift */ = {isa = PBXFileReference; lastKnownFileType = sourcecode.swift; path = TransactionResponse.swift; sourceTree = "<group>"; };
		E889A9952805CF4900E3718C /* KPSPurchaseTests.swift */ = {isa = PBXFileReference; lastKnownFileType = sourcecode.swift; path = KPSPurchaseTests.swift; sourceTree = "<group>"; };
		E889A997280670A900E3718C /* previewArticleContent.json */ = {isa = PBXFileReference; fileEncoding = 4; lastKnownFileType = text.json; path = previewArticleContent.json; sourceTree = "<group>"; };
		E889A998280670A900E3718C /* folderContent.json */ = {isa = PBXFileReference; fileEncoding = 4; lastKnownFileType = text.json; path = folderContent.json; sourceTree = "<group>"; };
		E889A999280670A900E3718C /* activeOrders.json */ = {isa = PBXFileReference; fileEncoding = 4; lastKnownFileType = text.json; path = activeOrders.json; sourceTree = "<group>"; };
		E889A99A280670A900E3718C /* audioContentWithWordTime.json */ = {isa = PBXFileReference; fileEncoding = 4; lastKnownFileType = text.json; path = audioContentWithWordTime.json; sourceTree = "<group>"; };
		E889A99B280670A900E3718C /* audioContent.json */ = {isa = PBXFileReference; fileEncoding = 4; lastKnownFileType = text.json; path = audioContent.json; sourceTree = "<group>"; };
		E889A99C280670A900E3718C /* rootCollection.json */ = {isa = PBXFileReference; fileEncoding = 4; lastKnownFileType = text.json; path = rootCollection.json; sourceTree = "<group>"; };
		E889A99D280670A900E3718C /* audioContentWithoutPermission.json */ = {isa = PBXFileReference; fileEncoding = 4; lastKnownFileType = text.json; path = audioContentWithoutPermission.json; sourceTree = "<group>"; };
		E889A99E280670A900E3718C /* userPermission.json */ = {isa = PBXFileReference; fileEncoding = 4; lastKnownFileType = text.json; path = userPermission.json; sourceTree = "<group>"; };
		E889A99F280670A900E3718C /* articleContent.json */ = {isa = PBXFileReference; fileEncoding = 4; lastKnownFileType = text.json; path = articleContent.json; sourceTree = "<group>"; };
		E889A9A0280670A900E3718C /* transactions.json */ = {isa = PBXFileReference; fileEncoding = 4; lastKnownFileType = text.json; path = transactions.json; sourceTree = "<group>"; };
		E88C466726CCB034001243F5 /* KPSAudio.swift */ = {isa = PBXFileReference; lastKnownFileType = sourcecode.swift; path = KPSAudio.swift; sourceTree = "<group>"; };
		E88C466926CD260C001243F5 /* ThreadSafeArray.swift */ = {isa = PBXFileReference; lastKnownFileType = sourcecode.swift; path = ThreadSafeArray.swift; sourceTree = "<group>"; };
		E89BC166277D883D001633C5 /* String+Extension.swift */ = {isa = PBXFileReference; fileEncoding = 4; lastKnownFileType = sourcecode.swift; path = "String+Extension.swift"; sourceTree = "<group>"; };
		E89BC168277DA5FA001633C5 /* KPSClient+Analytic.swift */ = {isa = PBXFileReference; fileEncoding = 4; lastKnownFileType = sourcecode.swift; path = "KPSClient+Analytic.swift"; sourceTree = "<group>"; };
		E89BC16A277DA60B001633C5 /* KPSPlayRecord.swift */ = {isa = PBXFileReference; fileEncoding = 4; lastKnownFileType = sourcecode.swift; path = KPSPlayRecord.swift; sourceTree = "<group>"; };
		E8A4C8BF26BB869A0082B4F7 /* KPSClient+Media.swift */ = {isa = PBXFileReference; lastKnownFileType = sourcecode.swift; path = "KPSClient+Media.swift"; sourceTree = "<group>"; };
		E8A4C8C326BBD6DE0082B4F7 /* IronBacon.mp3 */ = {isa = PBXFileReference; lastKnownFileType = audio.mp3; path = IronBacon.mp3; sourceTree = "<group>"; };
		E8A4C8CA26BFD2590082B4F7 /* KPSClientMediaTests.swift */ = {isa = PBXFileReference; lastKnownFileType = sourcecode.swift; path = KPSClientMediaTests.swift; sourceTree = "<group>"; };
		E8A4C8CD26BFD4500082B4F7 /* KPSClientMediaContentDelegateMock.swift */ = {isa = PBXFileReference; lastKnownFileType = sourcecode.swift; path = KPSClientMediaContentDelegateMock.swift; sourceTree = "<group>"; };
		E8A4C8CF26C11EAC0082B4F7 /* WhatYouWant.mp3 */ = {isa = PBXFileReference; lastKnownFileType = audio.mp3; path = WhatYouWant.mp3; sourceTree = "<group>"; };
		E8A4C8D126C186D50082B4F7 /* XCTest+Eventually.swift */ = {isa = PBXFileReference; lastKnownFileType = sourcecode.swift; path = "XCTest+Eventually.swift"; sourceTree = "<group>"; };
		E8A4C8DB26C4B3AE0082B4F7 /* KPSArticle.swift */ = {isa = PBXFileReference; lastKnownFileType = sourcecode.swift; path = KPSArticle.swift; sourceTree = "<group>"; };
		E8E14EFD27D893CE007D6875 /* KPSPurchases.swift */ = {isa = PBXFileReference; lastKnownFileType = sourcecode.swift; path = KPSPurchases.swift; sourceTree = "<group>"; };
		E8E14EFF27D8949D007D6875 /* KPSPurchaseDelegate.swift */ = {isa = PBXFileReference; lastKnownFileType = sourcecode.swift; path = KPSPurchaseDelegate.swift; sourceTree = "<group>"; };
		E8E14F0327D895AD007D6875 /* Strings.swift */ = {isa = PBXFileReference; lastKnownFileType = sourcecode.swift; path = Strings.swift; sourceTree = "<group>"; };
		E8E14F0527D895FB007D6875 /* PurchaseStrings.swift */ = {isa = PBXFileReference; lastKnownFileType = sourcecode.swift; path = PurchaseStrings.swift; sourceTree = "<group>"; };
		E8E14F0827DB166E007D6875 /* SubscriptionManager.swift */ = {isa = PBXFileReference; lastKnownFileType = sourcecode.swift; path = SubscriptionManager.swift; sourceTree = "<group>"; };
		E8E14F0A27DB1EAC007D6875 /* KPSPurchaseProductManager.swift */ = {isa = PBXFileReference; lastKnownFileType = sourcecode.swift; path = KPSPurchaseProductManager.swift; sourceTree = "<group>"; };
		E8E14F1027DB1EFE007D6875 /* KPSTransactionManager.swift */ = {isa = PBXFileReference; lastKnownFileType = sourcecode.swift; path = KPSTransactionManager.swift; sourceTree = "<group>"; };
		E8E14F1227DB22EB007D6875 /* KPSPurchaseItem.swift */ = {isa = PBXFileReference; lastKnownFileType = sourcecode.swift; path = KPSPurchaseItem.swift; sourceTree = "<group>"; };
		E8E14F1527DB253E007D6875 /* SK1StoreProduct.swift */ = {isa = PBXFileReference; lastKnownFileType = sourcecode.swift; path = SK1StoreProduct.swift; sourceTree = "<group>"; };
		E8E14F1727DB264B007D6875 /* SK2StoreProduct.swift */ = {isa = PBXFileReference; lastKnownFileType = sourcecode.swift; path = SK2StoreProduct.swift; sourceTree = "<group>"; };
		E8E14F1927DB274E007D6875 /* SubscriptionPeriod.swift */ = {isa = PBXFileReference; lastKnownFileType = sourcecode.swift; path = SubscriptionPeriod.swift; sourceTree = "<group>"; };
		E8E14F1B27DB28BB007D6875 /* StoreProductDiscount.swift */ = {isa = PBXFileReference; lastKnownFileType = sourcecode.swift; path = StoreProductDiscount.swift; sourceTree = "<group>"; };
		E8E14F1D27DB2996007D6875 /* SK2StoreProductDiscount.swift */ = {isa = PBXFileReference; lastKnownFileType = sourcecode.swift; path = SK2StoreProductDiscount.swift; sourceTree = "<group>"; };
		E8E14F1F27DB29EA007D6875 /* SK1StoreProductDiscount.swift */ = {isa = PBXFileReference; lastKnownFileType = sourcecode.swift; path = SK1StoreProductDiscount.swift; sourceTree = "<group>"; };
		E8E14F2127DF1B77007D6875 /* CustomerInfo.swift */ = {isa = PBXFileReference; lastKnownFileType = sourcecode.swift; path = CustomerInfo.swift; sourceTree = "<group>"; };
		EAD0C78CD6C0FB894AEF4FAE /* Pods_KPS.framework */ = {isa = PBXFileReference; explicitFileType = wrapper.framework; includeInIndex = 0; path = Pods_KPS.framework; sourceTree = BUILT_PRODUCTS_DIR; };
		FB2D8D38E46C889B6297FE6E /* libPods-KPSExample.a */ = {isa = PBXFileReference; explicitFileType = archive.ar; includeInIndex = 0; path = "libPods-KPSExample.a"; sourceTree = BUILT_PRODUCTS_DIR; };
/* End PBXFileReference section */

/* Begin PBXFrameworksBuildPhase section */
		E8330FFC26A4100E00A6AA59 /* Frameworks */ = {
			isa = PBXFrameworksBuildPhase;
			buildActionMask = 2147483647;
			files = (
				E833105B26AC634B00A6AA59 /* Pods_KPS.framework in Frameworks */,
			);
			runOnlyForDeploymentPostprocessing = 0;
		};
		E833100526A4100E00A6AA59 /* Frameworks */ = {
			isa = PBXFrameworksBuildPhase;
			buildActionMask = 2147483647;
			files = (
				E833100926A4100E00A6AA59 /* KPS.framework in Frameworks */,
				C2E82FE58B8F9BF98685E74B /* Pods_KPS_KPSTests.framework in Frameworks */,
			);
			runOnlyForDeploymentPostprocessing = 0;
		};
/* End PBXFrameworksBuildPhase section */

/* Begin PBXGroup section */
		5B8565A7A6114029A8E8889F /* Pods */ = {
			isa = PBXGroup;
			children = (
				B1B1F3A83BAAA5F378116184 /* Pods-KPS.debug.xcconfig */,
				884A072A2B934E70F2DC37B1 /* Pods-KPS.release.xcconfig */,
				E7DF22ABB67C81660A12B8C6 /* Pods-KPS-KPSTests.debug.xcconfig */,
				6C1D0C14A13FA98376B32B51 /* Pods-KPS-KPSTests.release.xcconfig */,
			);
			path = Pods;
			sourceTree = "<group>";
		};
		882C46E2586F7E06198F2091 /* Frameworks */ = {
			isa = PBXGroup;
			children = (
				E833106426AC65FA00A6AA59 /* KPS_iOS.framework */,
				E833104526AAF97200A6AA59 /* Moya.framework */,
				E833104226AAF96A00A6AA59 /* Alamofire.framework */,
				E833103D26AAF83B00A6AA59 /* Alamofire.framework */,
				E3AEEF5E789FDC4CF50D8D15 /* Pods_KPS.framework */,
				FB2D8D38E46C889B6297FE6E /* libPods-KPSExample.a */,
				5BAE52B314AE2D8F2390C9C7 /* Pods_KPS_KPSTests.framework */,
			);
			name = Frameworks;
			sourceTree = "<group>";
		};
		E8330FF526A4100E00A6AA59 = {
			isa = PBXGroup;
			children = (
				E833100126A4100E00A6AA59 /* KPS */,
				E833100C26A4100E00A6AA59 /* KPSTests */,
				E833100026A4100E00A6AA59 /* Products */,
				5B8565A7A6114029A8E8889F /* Pods */,
				882C46E2586F7E06198F2091 /* Frameworks */,
				E833104F26AB03DF00A6AA59 /* Recovered References */,
			);
			sourceTree = "<group>";
		};
		E833100026A4100E00A6AA59 /* Products */ = {
			isa = PBXGroup;
			children = (
				E8330FFF26A4100E00A6AA59 /* KPS.framework */,
				E833100826A4100E00A6AA59 /* KPSTests.xctest */,
			);
			name = Products;
			sourceTree = "<group>";
		};
		E833100126A4100E00A6AA59 /* KPS */ = {
			isa = PBXGroup;
			children = (
				E85FAB77275A3152006418CD /* KPS-iOS.podspec */,
				E833108C26B3B1E400A6AA59 /* Extension */,
				E833103626AAADDF00A6AA59 /* Core */,
				E8E14F0127D89560007D6875 /* Logging */,
				E833105026AB077600A6AA59 /* Model */,
				E8E14EFC27D89356007D6875 /* Networking */,
				E833108D26B43CDE00A6AA59 /* Resources */,
				E833100226A4100E00A6AA59 /* KPS.h */,
				E833100326A4100E00A6AA59 /* Info.plist */,
				E833103126A417CC00A6AA59 /* KPSUtility.swift */,
			);
			path = KPS;
			sourceTree = "<group>";
		};
		E833100C26A4100E00A6AA59 /* KPSTests */ = {
			isa = PBXGroup;
			children = (
				E8855F9F280D66CD0067CA09 /* Purchase */,
				E8855FA1280D68900067CA09 /* Media */,
				E833109226B44C1B00A6AA59 /* KPSClientTests.swift */,
				E833103426A417F800A6AA59 /* KPSUtilityTest.swift */,
				E833100F26A4100E00A6AA59 /* Info.plist */,
				E8A4C8D126C186D50082B4F7 /* XCTest+Eventually.swift */,
			);
			path = KPSTests;
			sourceTree = "<group>";
		};
		E833103626AAADDF00A6AA59 /* Core */ = {
			isa = PBXGroup;
			children = (
				E833103726AAAE1D00A6AA59 /* KPSClient.swift */,
				E89BC168277DA5FA001633C5 /* KPSClient+Analytic.swift */,
				E8A4C8BF26BB869A0082B4F7 /* KPSClient+Media.swift */,
				E8E14EFB27D8932D007D6875 /* Purchases */,
				E8855FA4281598BB0067CA09 /* Auth */,
			);
			path = Core;
			sourceTree = "<group>";
		};
		E833104F26AB03DF00A6AA59 /* Recovered References */ = {
			isa = PBXGroup;
			children = (
				EAD0C78CD6C0FB894AEF4FAE /* Pods_KPS.framework */,
			);
			name = "Recovered References";
			sourceTree = "<group>";
		};
		E833105026AB077600A6AA59 /* Model */ = {
			isa = PBXGroup;
			children = (
				E889A98C28055BEA00E3718C /* Purchases */,
				E89BC16A277DA60B001633C5 /* KPSPlayRecord.swift */,
				E833105126AB0A4500A6AA59 /* LoginResponse.swift */,
				E8A4C8DB26C4B3AE0082B4F7 /* KPSArticle.swift */,
				E88C466726CCB034001243F5 /* KPSAudio.swift */,
				E88396C326ECF16F00B9C9F7 /* KPSContentMeta.swift */,
				E88396C526ECF76800B9C9F7 /* KPSCollection.swift */,
				E88396C726ECFACC00B9C9F7 /* KPSImageResource.swift */,
			);
			path = Model;
			sourceTree = "<group>";
		};
		E833108C26B3B1E400A6AA59 /* Extension */ = {
			isa = PBXGroup;
			children = (
				E89BC166277D883D001633C5 /* String+Extension.swift */,
				E833108A26B3B0F100A6AA59 /* Codable+Extension.swift */,
				E83310A426B53EB400A6AA59 /* Bundle+Extension.swift */,
				E88C466926CD260C001243F5 /* ThreadSafeArray.swift */,
			);
			path = Extension;
			sourceTree = "<group>";
		};
		E833108D26B43CDE00A6AA59 /* Resources */ = {
			isa = PBXGroup;
			children = (
				E889A999280670A900E3718C /* activeOrders.json */,
				E889A99F280670A900E3718C /* articleContent.json */,
				E889A99B280670A900E3718C /* audioContent.json */,
				E889A99D280670A900E3718C /* audioContentWithoutPermission.json */,
				E889A99A280670A900E3718C /* audioContentWithWordTime.json */,
				E889A998280670A900E3718C /* folderContent.json */,
				E889A997280670A900E3718C /* previewArticleContent.json */,
				E889A99C280670A900E3718C /* rootCollection.json */,
				E889A9A0280670A900E3718C /* transactions.json */,
				E889A99E280670A900E3718C /* userPermission.json */,
				E8A4C8CF26C11EAC0082B4F7 /* WhatYouWant.mp3 */,
				E8A4C8C326BBD6DE0082B4F7 /* IronBacon.mp3 */,
			);
			path = Resources;
			sourceTree = "<group>";
		};
		E845AD7827E4905A00A3DC49 /* AppleReceipt */ = {
			isa = PBXGroup;
			children = (
				E845AD8F27E4936200A3DC49 /* Converter */,
				E845AD8627E4921800A3DC49 /* Builders */,
				E845AD7F27E4915A00A3DC49 /* BasicTypes */,
				E845AD8B27E492AE00A3DC49 /* ReceiptParsingError.swift */,
				E845AD8927E4927700A3DC49 /* ReceiptParser.swift */,
			);
			path = AppleReceipt;
			sourceTree = "<group>";
		};
		E845AD7F27E4915A00A3DC49 /* BasicTypes */ = {
			isa = PBXGroup;
			children = (
				E845AD8027E4917600A3DC49 /* ASN1Container.swift */,
				E845AD8227E4919300A3DC49 /* AppleReceipt.swift */,
				E845AD8427E491EB00A3DC49 /* InAppPurchase.swift */,
				E845AD8D27E4930400A3DC49 /* ASN1ObjectIdentifier.swift */,
			);
			path = BasicTypes;
			sourceTree = "<group>";
		};
		E845AD8627E4921800A3DC49 /* Builders */ = {
			isa = PBXGroup;
			children = (
				E845AD7927E4907300A3DC49 /* AppleReceiptBuilder.swift */,
				E845AD7B27E490BD00A3DC49 /* ASN1ContainerBuilder.swift */,
				E845AD7D27E4910700A3DC49 /* InAppPurchaseBuilder.swift */,
				E845AD8727E4923F00A3DC49 /* ASN1ObjectIdentifierBuilder.swift */,
			);
			path = Builders;
			sourceTree = "<group>";
		};
		E845AD8F27E4936200A3DC49 /* Converter */ = {
			isa = PBXGroup;
			children = (
				E845AD9027E4938100A3DC49 /* ArraySlice_UInt8+Extensions.swift */,
				E845AD9227E493AB00A3DC49 /* UInt8+Extensions.swift */,
				E845AD9427E4945600A3DC49 /* FoundationExtensions.swift */,
			);
			path = Converter;
			sourceTree = "<group>";
		};
		E8855F9F280D66CD0067CA09 /* Purchase */ = {
			isa = PBXGroup;
			children = (
				E889A9952805CF4900E3718C /* KPSPurchaseTests.swift */,
				E8855FA0280D66D70067CA09 /* Mocks */,
			);
			path = Purchase;
			sourceTree = "<group>";
		};
		E8855FA0280D66D70067CA09 /* Mocks */ = {
			isa = PBXGroup;
			children = (
				E8855FA2280D69000067CA09 /* KPSPurchaseDelegateMock.swift */,
			);
			path = Mocks;
			sourceTree = "<group>";
		};
		E8855FA1280D68900067CA09 /* Media */ = {
			isa = PBXGroup;
			children = (
				E8A4C8CA26BFD2590082B4F7 /* KPSClientMediaTests.swift */,
				E8A4C8CC26BFD3FA0082B4F7 /* Mocks */,
			);
			path = Media;
			sourceTree = "<group>";
		};
		E8855FA4281598BB0067CA09 /* Auth */ = {
			isa = PBXGroup;
			children = (
				E8855FA928159C180067CA09 /* KPSAuth.swift */,
			);
			path = Auth;
			sourceTree = "<group>";
		};
		E889A98C28055BEA00E3718C /* Purchases */ = {
			isa = PBXGroup;
			children = (
				E889A98D28055C1F00E3718C /* KPSPurchaseTransaction.swift */,
				E889A98F280561FE00E3718C /* KPSPurchaseOrder.swift */,
				E889A991280563AE00E3718C /* ActiveOrderResponse.swift */,
				E889A9932805657600E3718C /* TransactionResponse.swift */,
			);
			path = Purchases;
			sourceTree = "<group>";
		};
		E8A4C8CC26BFD3FA0082B4F7 /* Mocks */ = {
			isa = PBXGroup;
			children = (
				E8A4C8CD26BFD4500082B4F7 /* KPSClientMediaContentDelegateMock.swift */,
			);
			path = Mocks;
			sourceTree = "<group>";
		};
		E8E14EFB27D8932D007D6875 /* Purchases */ = {
			isa = PBXGroup;
			children = (
				E8E14F0727D89778007D6875 /* Identity */,
				E845AD7827E4905A00A3DC49 /* AppleReceipt */,
				E8E14F1427DB2516007D6875 /* StoreKitAbstractions */,
				E8E14EFD27D893CE007D6875 /* KPSPurchases.swift */,
				E8E14EFF27D8949D007D6875 /* KPSPurchaseDelegate.swift */,
				E8E14F0A27DB1EAC007D6875 /* KPSPurchaseProductManager.swift */,
				E8E14F1027DB1EFE007D6875 /* KPSTransactionManager.swift */,
				E845AD7627E4876700A3DC49 /* KPSPurchaseReceiptManager.swift */,
				E8E14F0827DB166E007D6875 /* SubscriptionManager.swift */,
				E8E14F1227DB22EB007D6875 /* KPSPurchaseItem.swift */,
			);
			path = Purchases;
			sourceTree = "<group>";
		};
		E8E14EFC27D89356007D6875 /* Networking */ = {
			isa = PBXGroup;
			children = (
				E833103B26AAB60800A6AA59 /* CoreAPIService.swift */,
				E855722A27E0D13F00C9F8C0 /* PurchaseAPIService.swift */,
				E8855FA7281599960067CA09 /* AuthAPIService.swift */,
			);
			path = Networking;
			sourceTree = "<group>";
		};
		E8E14F0127D89560007D6875 /* Logging */ = {
			isa = PBXGroup;
			children = (
				E8E14F0227D89577007D6875 /* Strings */,
			);
			path = Logging;
			sourceTree = "<group>";
		};
		E8E14F0227D89577007D6875 /* Strings */ = {
			isa = PBXGroup;
			children = (
				E8E14F0327D895AD007D6875 /* Strings.swift */,
				E8E14F0527D895FB007D6875 /* PurchaseStrings.swift */,
			);
			path = Strings;
			sourceTree = "<group>";
		};
		E8E14F0727D89778007D6875 /* Identity */ = {
			isa = PBXGroup;
			children = (
				E8E14F2127DF1B77007D6875 /* CustomerInfo.swift */,
			);
			path = Identity;
			sourceTree = "<group>";
		};
		E8E14F1427DB2516007D6875 /* StoreKitAbstractions */ = {
			isa = PBXGroup;
			children = (
				E8E14F1527DB253E007D6875 /* SK1StoreProduct.swift */,
				E8E14F1727DB264B007D6875 /* SK2StoreProduct.swift */,
				E8E14F1927DB274E007D6875 /* SubscriptionPeriod.swift */,
				E8E14F1B27DB28BB007D6875 /* StoreProductDiscount.swift */,
				E8E14F1F27DB29EA007D6875 /* SK1StoreProductDiscount.swift */,
				E8E14F1D27DB2996007D6875 /* SK2StoreProductDiscount.swift */,
			);
			path = StoreKitAbstractions;
			sourceTree = "<group>";
		};
/* End PBXGroup section */

/* Begin PBXHeadersBuildPhase section */
		E8330FFA26A4100E00A6AA59 /* Headers */ = {
			isa = PBXHeadersBuildPhase;
			buildActionMask = 2147483647;
			files = (
				E833101026A4100E00A6AA59 /* KPS.h in Headers */,
			);
			runOnlyForDeploymentPostprocessing = 0;
		};
/* End PBXHeadersBuildPhase section */

/* Begin PBXNativeTarget section */
		E8330FFE26A4100E00A6AA59 /* KPS */ = {
			isa = PBXNativeTarget;
			buildConfigurationList = E833101326A4100E00A6AA59 /* Build configuration list for PBXNativeTarget "KPS" */;
			buildPhases = (
				0F3D33621D6B25D4AAC43852 /* [CP] Check Pods Manifest.lock */,
				E8330FFA26A4100E00A6AA59 /* Headers */,
				E8330FFB26A4100E00A6AA59 /* Sources */,
				E8330FFC26A4100E00A6AA59 /* Frameworks */,
				E8330FFD26A4100E00A6AA59 /* Resources */,
			);
			buildRules = (
			);
			dependencies = (
			);
			name = KPS;
			productName = KPS;
			productReference = E8330FFF26A4100E00A6AA59 /* KPS.framework */;
			productType = "com.apple.product-type.framework";
		};
		E833100726A4100E00A6AA59 /* KPSTests */ = {
			isa = PBXNativeTarget;
			buildConfigurationList = E833101626A4100E00A6AA59 /* Build configuration list for PBXNativeTarget "KPSTests" */;
			buildPhases = (
				29DF9E280A8D6E4168C5A71E /* [CP] Check Pods Manifest.lock */,
				E833100426A4100E00A6AA59 /* Sources */,
				E833100526A4100E00A6AA59 /* Frameworks */,
				E833100626A4100E00A6AA59 /* Resources */,
				ADF93FFE0EC53B7F9CF4E5C3 /* [CP] Embed Pods Frameworks */,
			);
			buildRules = (
			);
			dependencies = (
				E833100B26A4100E00A6AA59 /* PBXTargetDependency */,
			);
			name = KPSTests;
			productName = KPSTests;
			productReference = E833100826A4100E00A6AA59 /* KPSTests.xctest */;
			productType = "com.apple.product-type.bundle.unit-test";
		};
/* End PBXNativeTarget section */

/* Begin PBXProject section */
		E8330FF626A4100E00A6AA59 /* Project object */ = {
			isa = PBXProject;
			attributes = {
				LastSwiftUpdateCheck = 1250;
				LastUpgradeCheck = 1250;
				TargetAttributes = {
					E8330FFE26A4100E00A6AA59 = {
						CreatedOnToolsVersion = 12.5.1;
						LastSwiftMigration = 1250;
					};
					E833100726A4100E00A6AA59 = {
						CreatedOnToolsVersion = 12.5.1;
					};
				};
			};
			buildConfigurationList = E8330FF926A4100E00A6AA59 /* Build configuration list for PBXProject "KPS" */;
			compatibilityVersion = "Xcode 9.3";
			developmentRegion = en;
			hasScannedForEncodings = 0;
			knownRegions = (
				en,
				Base,
			);
			mainGroup = E8330FF526A4100E00A6AA59;
			productRefGroup = E833100026A4100E00A6AA59 /* Products */;
			projectDirPath = "";
			projectRoot = "";
			targets = (
				E8330FFE26A4100E00A6AA59 /* KPS */,
				E833100726A4100E00A6AA59 /* KPSTests */,
			);
		};
/* End PBXProject section */

/* Begin PBXResourcesBuildPhase section */
		E8330FFD26A4100E00A6AA59 /* Resources */ = {
			isa = PBXResourcesBuildPhase;
			buildActionMask = 2147483647;
			files = (
				E889A9A4280670A900E3718C /* audioContentWithWordTime.json in Resources */,
				E8A4C8C426BBD6DE0082B4F7 /* IronBacon.mp3 in Resources */,
				E85FAB78275A3152006418CD /* KPS-iOS.podspec in Resources */,
				E889A9A7280670A900E3718C /* audioContentWithoutPermission.json in Resources */,
				E889A9A3280670A900E3718C /* activeOrders.json in Resources */,
				E889A9A9280670A900E3718C /* articleContent.json in Resources */,
				E889A9A6280670A900E3718C /* rootCollection.json in Resources */,
				E889A9A5280670A900E3718C /* audioContent.json in Resources */,
				E889A9A8280670A900E3718C /* userPermission.json in Resources */,
				E889A9AA280670A900E3718C /* transactions.json in Resources */,
				E889A9A1280670A900E3718C /* previewArticleContent.json in Resources */,
				E8A4C8D026C11EAC0082B4F7 /* WhatYouWant.mp3 in Resources */,
				E889A9A2280670A900E3718C /* folderContent.json in Resources */,
			);
			runOnlyForDeploymentPostprocessing = 0;
		};
		E833100626A4100E00A6AA59 /* Resources */ = {
			isa = PBXResourcesBuildPhase;
			buildActionMask = 2147483647;
			files = (
			);
			runOnlyForDeploymentPostprocessing = 0;
		};
/* End PBXResourcesBuildPhase section */

/* Begin PBXShellScriptBuildPhase section */
		0F3D33621D6B25D4AAC43852 /* [CP] Check Pods Manifest.lock */ = {
			isa = PBXShellScriptBuildPhase;
			buildActionMask = 2147483647;
			files = (
			);
			inputFileListPaths = (
			);
			inputPaths = (
				"${PODS_PODFILE_DIR_PATH}/Podfile.lock",
				"${PODS_ROOT}/Manifest.lock",
			);
			name = "[CP] Check Pods Manifest.lock";
			outputFileListPaths = (
			);
			outputPaths = (
				"$(DERIVED_FILE_DIR)/Pods-KPS-checkManifestLockResult.txt",
			);
			runOnlyForDeploymentPostprocessing = 0;
			shellPath = /bin/sh;
			shellScript = "diff \"${PODS_PODFILE_DIR_PATH}/Podfile.lock\" \"${PODS_ROOT}/Manifest.lock\" > /dev/null\nif [ $? != 0 ] ; then\n    # print error to STDERR\n    echo \"error: The sandbox is not in sync with the Podfile.lock. Run 'pod install' or update your CocoaPods installation.\" >&2\n    exit 1\nfi\n# This output is used by Xcode 'outputs' to avoid re-running this script phase.\necho \"SUCCESS\" > \"${SCRIPT_OUTPUT_FILE_0}\"\n";
			showEnvVarsInLog = 0;
		};
		29DF9E280A8D6E4168C5A71E /* [CP] Check Pods Manifest.lock */ = {
			isa = PBXShellScriptBuildPhase;
			buildActionMask = 2147483647;
			files = (
			);
			inputFileListPaths = (
			);
			inputPaths = (
				"${PODS_PODFILE_DIR_PATH}/Podfile.lock",
				"${PODS_ROOT}/Manifest.lock",
			);
			name = "[CP] Check Pods Manifest.lock";
			outputFileListPaths = (
			);
			outputPaths = (
				"$(DERIVED_FILE_DIR)/Pods-KPS-KPSTests-checkManifestLockResult.txt",
			);
			runOnlyForDeploymentPostprocessing = 0;
			shellPath = /bin/sh;
			shellScript = "diff \"${PODS_PODFILE_DIR_PATH}/Podfile.lock\" \"${PODS_ROOT}/Manifest.lock\" > /dev/null\nif [ $? != 0 ] ; then\n    # print error to STDERR\n    echo \"error: The sandbox is not in sync with the Podfile.lock. Run 'pod install' or update your CocoaPods installation.\" >&2\n    exit 1\nfi\n# This output is used by Xcode 'outputs' to avoid re-running this script phase.\necho \"SUCCESS\" > \"${SCRIPT_OUTPUT_FILE_0}\"\n";
			showEnvVarsInLog = 0;
		};
		ADF93FFE0EC53B7F9CF4E5C3 /* [CP] Embed Pods Frameworks */ = {
			isa = PBXShellScriptBuildPhase;
			buildActionMask = 2147483647;
			files = (
			);
			inputFileListPaths = (
				"${PODS_ROOT}/Target Support Files/Pods-KPS-KPSTests/Pods-KPS-KPSTests-frameworks-${CONFIGURATION}-input-files.xcfilelist",
			);
			name = "[CP] Embed Pods Frameworks";
			outputFileListPaths = (
				"${PODS_ROOT}/Target Support Files/Pods-KPS-KPSTests/Pods-KPS-KPSTests-frameworks-${CONFIGURATION}-output-files.xcfilelist",
			);
			runOnlyForDeploymentPostprocessing = 0;
			shellPath = /bin/sh;
			shellScript = "\"${PODS_ROOT}/Target Support Files/Pods-KPS-KPSTests/Pods-KPS-KPSTests-frameworks.sh\"\n";
			showEnvVarsInLog = 0;
		};
/* End PBXShellScriptBuildPhase section */

/* Begin PBXSourcesBuildPhase section */
		E8330FFB26A4100E00A6AA59 /* Sources */ = {
			isa = PBXSourcesBuildPhase;
			buildActionMask = 2147483647;
			files = (
				E845AD8827E4923F00A3DC49 /* ASN1ObjectIdentifierBuilder.swift in Sources */,
				E88396C626ECF76800B9C9F7 /* KPSCollection.swift in Sources */,
				E89BC16B277DA60C001633C5 /* KPSPlayRecord.swift in Sources */,
				E833108B26B3B0F100A6AA59 /* Codable+Extension.swift in Sources */,
				E8855FAA28159C180067CA09 /* KPSAuth.swift in Sources */,
				E8E14F0B27DB1EAC007D6875 /* KPSPurchaseProductManager.swift in Sources */,
				E8E14F1C27DB28BB007D6875 /* StoreProductDiscount.swift in Sources */,
				E8E14EFE27D893CE007D6875 /* KPSPurchases.swift in Sources */,
				E845AD9127E4938100A3DC49 /* ArraySlice_UInt8+Extensions.swift in Sources */,
				E83310A526B53EB400A6AA59 /* Bundle+Extension.swift in Sources */,
				E845AD7E27E4910700A3DC49 /* InAppPurchaseBuilder.swift in Sources */,
				E845AD7A27E4907300A3DC49 /* AppleReceiptBuilder.swift in Sources */,
				E845AD8327E4919300A3DC49 /* AppleReceipt.swift in Sources */,
				E845AD8E27E4930400A3DC49 /* ASN1ObjectIdentifier.swift in Sources */,
				E845AD9327E493AB00A3DC49 /* UInt8+Extensions.swift in Sources */,
				E8E14F0427D895AD007D6875 /* Strings.swift in Sources */,
				E889A9942805657600E3718C /* TransactionResponse.swift in Sources */,
				E845AD8527E491EB00A3DC49 /* InAppPurchase.swift in Sources */,
				E845AD7C27E490BD00A3DC49 /* ASN1ContainerBuilder.swift in Sources */,
				E8E14F0027D8949D007D6875 /* KPSPurchaseDelegate.swift in Sources */,
				E8E14F1827DB264B007D6875 /* SK2StoreProduct.swift in Sources */,
				E8E14F2227DF1B77007D6875 /* CustomerInfo.swift in Sources */,
				E845AD9527E4945600A3DC49 /* FoundationExtensions.swift in Sources */,
				E8E14F2027DB29EA007D6875 /* SK1StoreProductDiscount.swift in Sources */,
				E845AD8C27E492AE00A3DC49 /* ReceiptParsingError.swift in Sources */,
				E8E14F1327DB22EB007D6875 /* KPSPurchaseItem.swift in Sources */,
				E833103226A417CC00A6AA59 /* KPSUtility.swift in Sources */,
				E8E14F1127DB1EFE007D6875 /* KPSTransactionManager.swift in Sources */,
				E833103826AAAE1D00A6AA59 /* KPSClient.swift in Sources */,
				E8E14F0627D895FB007D6875 /* PurchaseStrings.swift in Sources */,
				E8855FA8281599960067CA09 /* AuthAPIService.swift in Sources */,
				E889A992280563AE00E3718C /* ActiveOrderResponse.swift in Sources */,
				E88C466826CCB034001243F5 /* KPSAudio.swift in Sources */,
				E845AD8127E4917600A3DC49 /* ASN1Container.swift in Sources */,
				E89BC169277DA5FA001633C5 /* KPSClient+Analytic.swift in Sources */,
				E8E14F1E27DB2996007D6875 /* SK2StoreProductDiscount.swift in Sources */,
				E8E14F0927DB166E007D6875 /* SubscriptionManager.swift in Sources */,
				E88C466A26CD260C001243F5 /* ThreadSafeArray.swift in Sources */,
				E88396C426ECF16F00B9C9F7 /* KPSContentMeta.swift in Sources */,
				E8E14F1A27DB274E007D6875 /* SubscriptionPeriod.swift in Sources */,
				E845AD7727E4876700A3DC49 /* KPSPurchaseReceiptManager.swift in Sources */,
				E845AD8A27E4927700A3DC49 /* ReceiptParser.swift in Sources */,
				E889A990280561FE00E3718C /* KPSPurchaseOrder.swift in Sources */,
				E8E14F1627DB253E007D6875 /* SK1StoreProduct.swift in Sources */,
				E855722B27E0D13F00C9F8C0 /* PurchaseAPIService.swift in Sources */,
				E89BC167277D883D001633C5 /* String+Extension.swift in Sources */,
				E8A4C8DC26C4B3AE0082B4F7 /* KPSArticle.swift in Sources */,
				E88396C826ECFACC00B9C9F7 /* KPSImageResource.swift in Sources */,
				E833105226AB0A4500A6AA59 /* LoginResponse.swift in Sources */,
				E833103C26AAB60800A6AA59 /* CoreAPIService.swift in Sources */,
				E889A98E28055C1F00E3718C /* KPSPurchaseTransaction.swift in Sources */,
				E8A4C8C026BB869A0082B4F7 /* KPSClient+Media.swift in Sources */,
			);
			runOnlyForDeploymentPostprocessing = 0;
		};
		E833100426A4100E00A6AA59 /* Sources */ = {
			isa = PBXSourcesBuildPhase;
			buildActionMask = 2147483647;
			files = (
				E8A4C8CB26BFD2590082B4F7 /* KPSClientMediaTests.swift in Sources */,
				E833103526A417F800A6AA59 /* KPSUtilityTest.swift in Sources */,
				E833103326A417CC00A6AA59 /* KPSUtility.swift in Sources */,
				E8A4C8D226C186D50082B4F7 /* XCTest+Eventually.swift in Sources */,
				E833109326B44C1B00A6AA59 /* KPSClientTests.swift in Sources */,
				E8A4C8CE26BFD4500082B4F7 /* KPSClientMediaContentDelegateMock.swift in Sources */,
				E8855FA3280D69000067CA09 /* KPSPurchaseDelegateMock.swift in Sources */,
				E889A9962805CF4900E3718C /* KPSPurchaseTests.swift in Sources */,
			);
			runOnlyForDeploymentPostprocessing = 0;
		};
/* End PBXSourcesBuildPhase section */

/* Begin PBXTargetDependency section */
		E833100B26A4100E00A6AA59 /* PBXTargetDependency */ = {
			isa = PBXTargetDependency;
			target = E8330FFE26A4100E00A6AA59 /* KPS */;
			targetProxy = E833100A26A4100E00A6AA59 /* PBXContainerItemProxy */;
		};
/* End PBXTargetDependency section */

/* Begin XCBuildConfiguration section */
		E833101126A4100E00A6AA59 /* Debug */ = {
			isa = XCBuildConfiguration;
			buildSettings = {
				ALWAYS_SEARCH_USER_PATHS = NO;
				CLANG_ANALYZER_NONNULL = YES;
				CLANG_ANALYZER_NUMBER_OBJECT_CONVERSION = YES_AGGRESSIVE;
				CLANG_CXX_LANGUAGE_STANDARD = "gnu++14";
				CLANG_CXX_LIBRARY = "libc++";
				CLANG_ENABLE_MODULES = YES;
				CLANG_ENABLE_OBJC_ARC = YES;
				CLANG_ENABLE_OBJC_WEAK = YES;
				CLANG_WARN_BLOCK_CAPTURE_AUTORELEASING = YES;
				CLANG_WARN_BOOL_CONVERSION = YES;
				CLANG_WARN_COMMA = YES;
				CLANG_WARN_CONSTANT_CONVERSION = YES;
				CLANG_WARN_DEPRECATED_OBJC_IMPLEMENTATIONS = YES;
				CLANG_WARN_DIRECT_OBJC_ISA_USAGE = YES_ERROR;
				CLANG_WARN_DOCUMENTATION_COMMENTS = YES;
				CLANG_WARN_EMPTY_BODY = YES;
				CLANG_WARN_ENUM_CONVERSION = YES;
				CLANG_WARN_INFINITE_RECURSION = YES;
				CLANG_WARN_INT_CONVERSION = YES;
				CLANG_WARN_NON_LITERAL_NULL_CONVERSION = YES;
				CLANG_WARN_OBJC_IMPLICIT_RETAIN_SELF = YES;
				CLANG_WARN_OBJC_LITERAL_CONVERSION = YES;
				CLANG_WARN_OBJC_ROOT_CLASS = YES_ERROR;
				CLANG_WARN_QUOTED_INCLUDE_IN_FRAMEWORK_HEADER = YES;
				CLANG_WARN_RANGE_LOOP_ANALYSIS = YES;
				CLANG_WARN_STRICT_PROTOTYPES = YES;
				CLANG_WARN_SUSPICIOUS_MOVE = YES;
				CLANG_WARN_UNGUARDED_AVAILABILITY = YES_AGGRESSIVE;
				CLANG_WARN_UNREACHABLE_CODE = YES;
				CLANG_WARN__DUPLICATE_METHOD_MATCH = YES;
				COPY_PHASE_STRIP = NO;
				CURRENT_PROJECT_VERSION = 1;
				DEBUG_INFORMATION_FORMAT = dwarf;
				ENABLE_STRICT_OBJC_MSGSEND = YES;
				ENABLE_TESTABILITY = YES;
				GCC_C_LANGUAGE_STANDARD = gnu11;
				GCC_DYNAMIC_NO_PIC = NO;
				GCC_NO_COMMON_BLOCKS = YES;
				GCC_OPTIMIZATION_LEVEL = 0;
				GCC_PREPROCESSOR_DEFINITIONS = (
					"DEBUG=1",
					"$(inherited)",
				);
				GCC_WARN_64_TO_32_BIT_CONVERSION = YES;
				GCC_WARN_ABOUT_RETURN_TYPE = YES_ERROR;
				GCC_WARN_UNDECLARED_SELECTOR = YES;
				GCC_WARN_UNINITIALIZED_AUTOS = YES_AGGRESSIVE;
				GCC_WARN_UNUSED_FUNCTION = YES;
				GCC_WARN_UNUSED_VARIABLE = YES;
				IPHONEOS_DEPLOYMENT_TARGET = 14.5;
				MTL_ENABLE_DEBUG_INFO = INCLUDE_SOURCE;
				MTL_FAST_MATH = YES;
				ONLY_ACTIVE_ARCH = YES;
				SDKROOT = iphoneos;
				SWIFT_ACTIVE_COMPILATION_CONDITIONS = DEBUG;
				SWIFT_OPTIMIZATION_LEVEL = "-Onone";
				VERSIONING_SYSTEM = "apple-generic";
				VERSION_INFO_PREFIX = "";
			};
			name = Debug;
		};
		E833101226A4100E00A6AA59 /* Release */ = {
			isa = XCBuildConfiguration;
			buildSettings = {
				ALWAYS_SEARCH_USER_PATHS = NO;
				CLANG_ANALYZER_NONNULL = YES;
				CLANG_ANALYZER_NUMBER_OBJECT_CONVERSION = YES_AGGRESSIVE;
				CLANG_CXX_LANGUAGE_STANDARD = "gnu++14";
				CLANG_CXX_LIBRARY = "libc++";
				CLANG_ENABLE_MODULES = YES;
				CLANG_ENABLE_OBJC_ARC = YES;
				CLANG_ENABLE_OBJC_WEAK = YES;
				CLANG_WARN_BLOCK_CAPTURE_AUTORELEASING = YES;
				CLANG_WARN_BOOL_CONVERSION = YES;
				CLANG_WARN_COMMA = YES;
				CLANG_WARN_CONSTANT_CONVERSION = YES;
				CLANG_WARN_DEPRECATED_OBJC_IMPLEMENTATIONS = YES;
				CLANG_WARN_DIRECT_OBJC_ISA_USAGE = YES_ERROR;
				CLANG_WARN_DOCUMENTATION_COMMENTS = YES;
				CLANG_WARN_EMPTY_BODY = YES;
				CLANG_WARN_ENUM_CONVERSION = YES;
				CLANG_WARN_INFINITE_RECURSION = YES;
				CLANG_WARN_INT_CONVERSION = YES;
				CLANG_WARN_NON_LITERAL_NULL_CONVERSION = YES;
				CLANG_WARN_OBJC_IMPLICIT_RETAIN_SELF = YES;
				CLANG_WARN_OBJC_LITERAL_CONVERSION = YES;
				CLANG_WARN_OBJC_ROOT_CLASS = YES_ERROR;
				CLANG_WARN_QUOTED_INCLUDE_IN_FRAMEWORK_HEADER = YES;
				CLANG_WARN_RANGE_LOOP_ANALYSIS = YES;
				CLANG_WARN_STRICT_PROTOTYPES = YES;
				CLANG_WARN_SUSPICIOUS_MOVE = YES;
				CLANG_WARN_UNGUARDED_AVAILABILITY = YES_AGGRESSIVE;
				CLANG_WARN_UNREACHABLE_CODE = YES;
				CLANG_WARN__DUPLICATE_METHOD_MATCH = YES;
				COPY_PHASE_STRIP = NO;
				CURRENT_PROJECT_VERSION = 1;
				DEBUG_INFORMATION_FORMAT = "dwarf-with-dsym";
				ENABLE_NS_ASSERTIONS = NO;
				ENABLE_STRICT_OBJC_MSGSEND = YES;
				GCC_C_LANGUAGE_STANDARD = gnu11;
				GCC_NO_COMMON_BLOCKS = YES;
				GCC_WARN_64_TO_32_BIT_CONVERSION = YES;
				GCC_WARN_ABOUT_RETURN_TYPE = YES_ERROR;
				GCC_WARN_UNDECLARED_SELECTOR = YES;
				GCC_WARN_UNINITIALIZED_AUTOS = YES_AGGRESSIVE;
				GCC_WARN_UNUSED_FUNCTION = YES;
				GCC_WARN_UNUSED_VARIABLE = YES;
				IPHONEOS_DEPLOYMENT_TARGET = 14.5;
				MTL_ENABLE_DEBUG_INFO = NO;
				MTL_FAST_MATH = YES;
				SDKROOT = iphoneos;
				SWIFT_COMPILATION_MODE = wholemodule;
				SWIFT_OPTIMIZATION_LEVEL = "-O";
				VALIDATE_PRODUCT = YES;
				VERSIONING_SYSTEM = "apple-generic";
				VERSION_INFO_PREFIX = "";
			};
			name = Release;
		};
		E833101426A4100E00A6AA59 /* Debug */ = {
			isa = XCBuildConfiguration;
			baseConfigurationReference = B1B1F3A83BAAA5F378116184 /* Pods-KPS.debug.xcconfig */;
			buildSettings = {
				CLANG_ENABLE_MODULES = YES;
				CODE_SIGN_STYLE = Automatic;
				DEFINES_MODULE = YES;
				DEVELOPMENT_TEAM = KSFL9L3S98;
				DYLIB_COMPATIBILITY_VERSION = 1;
				DYLIB_CURRENT_VERSION = 1;
				DYLIB_INSTALL_NAME_BASE = "@rpath";
				INFOPLIST_FILE = KPS/Info.plist;
				INSTALL_PATH = "$(LOCAL_LIBRARY_DIR)/Frameworks";
				LD_RUNPATH_SEARCH_PATHS = (
					"$(inherited)",
					"@executable_path/Frameworks",
					"@loader_path/Frameworks",
				);
				PRODUCT_BUNDLE_IDENTIFIER = com.thekono.KPS;
				PRODUCT_NAME = "$(TARGET_NAME:c99extidentifier)";
				SKIP_INSTALL = YES;
				SUPPORTS_MACCATALYST = YES;
				SWIFT_OPTIMIZATION_LEVEL = "-Onone";
				SWIFT_VERSION = 5.0;
				TARGETED_DEVICE_FAMILY = "1,2";
			};
			name = Debug;
		};
		E833101526A4100E00A6AA59 /* Release */ = {
			isa = XCBuildConfiguration;
			baseConfigurationReference = 884A072A2B934E70F2DC37B1 /* Pods-KPS.release.xcconfig */;
			buildSettings = {
				CLANG_ENABLE_MODULES = YES;
				CODE_SIGN_STYLE = Automatic;
				DEFINES_MODULE = YES;
				DEVELOPMENT_TEAM = KSFL9L3S98;
				DYLIB_COMPATIBILITY_VERSION = 1;
				DYLIB_CURRENT_VERSION = 1;
				DYLIB_INSTALL_NAME_BASE = "@rpath";
				INFOPLIST_FILE = KPS/Info.plist;
				INSTALL_PATH = "$(LOCAL_LIBRARY_DIR)/Frameworks";
				LD_RUNPATH_SEARCH_PATHS = (
					"$(inherited)",
					"@executable_path/Frameworks",
					"@loader_path/Frameworks",
				);
				ONLY_ACTIVE_ARCH = NO;
				PRODUCT_BUNDLE_IDENTIFIER = com.thekono.KPS;
				PRODUCT_NAME = "$(TARGET_NAME:c99extidentifier)";
				SKIP_INSTALL = YES;
				SUPPORTS_MACCATALYST = YES;
				SWIFT_VERSION = 5.0;
				TARGETED_DEVICE_FAMILY = "1,2";
			};
			name = Release;
		};
		E833101726A4100E00A6AA59 /* Debug */ = {
			isa = XCBuildConfiguration;
			baseConfigurationReference = E7DF22ABB67C81660A12B8C6 /* Pods-KPS-KPSTests.debug.xcconfig */;
			buildSettings = {
				ALWAYS_EMBED_SWIFT_STANDARD_LIBRARIES = "$(inherited)";
				CODE_SIGN_STYLE = Automatic;
				DEVELOPMENT_TEAM = KSFL9L3S98;
				INFOPLIST_FILE = KPSTests/Info.plist;
				LD_RUNPATH_SEARCH_PATHS = (
					"$(inherited)",
					"@executable_path/Frameworks",
					"@loader_path/Frameworks",
				);
				PRODUCT_BUNDLE_IDENTIFIER = com.thekono.KPSTests;
				PRODUCT_NAME = "$(TARGET_NAME)";
				SWIFT_VERSION = 5.0;
				TARGETED_DEVICE_FAMILY = "1,2";
			};
			name = Debug;
		};
		E833101826A4100E00A6AA59 /* Release */ = {
			isa = XCBuildConfiguration;
			baseConfigurationReference = 6C1D0C14A13FA98376B32B51 /* Pods-KPS-KPSTests.release.xcconfig */;
			buildSettings = {
				ALWAYS_EMBED_SWIFT_STANDARD_LIBRARIES = "$(inherited)";
				CODE_SIGN_STYLE = Automatic;
				DEVELOPMENT_TEAM = KSFL9L3S98;
				INFOPLIST_FILE = KPSTests/Info.plist;
				LD_RUNPATH_SEARCH_PATHS = (
					"$(inherited)",
					"@executable_path/Frameworks",
					"@loader_path/Frameworks",
				);
				PRODUCT_BUNDLE_IDENTIFIER = com.thekono.KPSTests;
				PRODUCT_NAME = "$(TARGET_NAME)";
				SWIFT_VERSION = 5.0;
				TARGETED_DEVICE_FAMILY = "1,2";
			};
			name = Release;
		};
/* End XCBuildConfiguration section */

/* Begin XCConfigurationList section */
		E8330FF926A4100E00A6AA59 /* Build configuration list for PBXProject "KPS" */ = {
			isa = XCConfigurationList;
			buildConfigurations = (
				E833101126A4100E00A6AA59 /* Debug */,
				E833101226A4100E00A6AA59 /* Release */,
			);
			defaultConfigurationIsVisible = 0;
			defaultConfigurationName = Release;
		};
		E833101326A4100E00A6AA59 /* Build configuration list for PBXNativeTarget "KPS" */ = {
			isa = XCConfigurationList;
			buildConfigurations = (
				E833101426A4100E00A6AA59 /* Debug */,
				E833101526A4100E00A6AA59 /* Release */,
			);
			defaultConfigurationIsVisible = 0;
			defaultConfigurationName = Release;
		};
		E833101626A4100E00A6AA59 /* Build configuration list for PBXNativeTarget "KPSTests" */ = {
			isa = XCConfigurationList;
			buildConfigurations = (
				E833101726A4100E00A6AA59 /* Debug */,
				E833101826A4100E00A6AA59 /* Release */,
			);
			defaultConfigurationIsVisible = 0;
			defaultConfigurationName = Release;
		};
/* End XCConfigurationList section */
	};
	rootObject = E8330FF626A4100E00A6AA59 /* Project object */;
}
